
Microsoft Visual Studio Solution File, Format Version 10.00
# Visual C++ Express 2008
Project("{41C87194-09D9-44EC-A37A-A952993ADE67}") = "NanoTest", "NanoTest.vcproj", "{3270016C-69B5-42D7-B1D0-ABC4C8E82D35}"
	ProjectSection(ProjectDependencies) = postProject
		{A201FA84-49EF-4FDB-9692-0E86A85C424C} = {A201FA84-49EF-4FDB-9692-0E86A85C424C}
	EndProjectSection
EndProject
Project("{41C87194-09D9-44EC-A37A-A952993ADE67}") = "Nano", "..\..\..\Library\Project\Nano.vcproj", "{A201FA84-49EF-4FDB-9692-0E86A85C424C}"
EndProject
Global
	GlobalSection(SolutionConfigurationPlatforms) = preSolution
		Debug|Win32 = Debug|Win32
		Release|Win32 = Release|Win32
	EndGlobalSection
	GlobalSection(ProjectConfigurationPlatforms) = postSolution
		{3270016C-69B5-42D7-B1D0-ABC4C8E82D35}.Debug|Win32.ActiveCfg = Debug|Win32
		{3270016C-69B5-42D7-B1D0-ABC4C8E82D35}.Debug|Win32.Build.0 = Debug|Win32
		{3270016C-69B5-42D7-B1D0-ABC4C8E82D35}.Release|Win32.ActiveCfg = Release|Win32
		{3270016C-69B5-42D7-B1D0-ABC4C8E82D35}.Release|Win32.Build.0 = Release|Win32
		{A201FA84-49EF-4FDB-9692-0E86A85C424C}.Debug|Win32.ActiveCfg = Debug|Win32
		{A201FA84-49EF-4FDB-9692-0E86A85C424C}.Debug|Win32.Build.0 = Debug|Win32
		{A201FA84-49EF-4FDB-9692-0E86A85C424C}.Release|Win32.ActiveCfg = Release|Win32
		{A201FA84-49EF-4FDB-9692-0E86A85C424C}.Release|Win32.Build.0 = Release|Win32
	EndGlobalSection
	GlobalSection(SolutionProperties) = preSolution
		HideSolutionNode = FALSE
	EndGlobalSection
EndGlobal
