// !$*UTF8*$!
{
	archiveVersion = 1;
	classes = {
	};
	objectVersion = 46;
	objects = {

/* Begin PBXBuildFile section */
		AB07EA41239A55CE00E0AC49 /* TSemaphore.cpp in Sources */ = {isa = PBXBuildFile; fileRef = AB514D981034184B00E5A6AD /* TSemaphore.cpp */; };
		AB07EA42239A55CE00E0AC49 /* TSemaphore.cpp in Sources */ = {isa = PBXBuildFile; fileRef = AB514D981034184B00E5A6AD /* TSemaphore.cpp */; };
		AB07EA43239A55CE00E0AC49 /* TSemaphore.cpp in Sources */ = {isa = PBXBuildFile; fileRef = AB514D981034184B00E5A6AD /* TSemaphore.cpp */; };
		AB09E1C5240D5F49001FCBFC /* TStringFormatter.cpp in Sources */ = {isa = PBXBuildFile; fileRef = AB09E1C4240D5F49001FCBFC /* TStringFormatter.cpp */; };
		AB09E1C6240D5F49001FCBFC /* TStringFormatter.cpp in Sources */ = {isa = PBXBuildFile; fileRef = AB09E1C4240D5F49001FCBFC /* TStringFormatter.cpp */; };
		AB09E1C7240D5F49001FCBFC /* TStringFormatter.cpp in Sources */ = {isa = PBXBuildFile; fileRef = AB09E1C4240D5F49001FCBFC /* TStringFormatter.cpp */; };
		AB0DBE7723999C1800F6AD43 /* TTimeUtils.cpp in Sources */ = {isa = PBXBuildFile; fileRef = AB0DBE7623999C1700F6AD43 /* TTimeUtils.cpp */; };
		AB0DBE7823999C1800F6AD43 /* TTimeUtils.cpp in Sources */ = {isa = PBXBuildFile; fileRef = AB0DBE7623999C1700F6AD43 /* TTimeUtils.cpp */; };
		AB0DBE7923999C1800F6AD43 /* TTimeUtils.cpp in Sources */ = {isa = PBXBuildFile; fileRef = AB0DBE7623999C1700F6AD43 /* TTimeUtils.cpp */; };
		AB0DBE7C2399A14F00F6AD43 /* TSpinLock.cpp in Sources */ = {isa = PBXBuildFile; fileRef = ABCAFC5B17539B3500BAE1A7 /* TSpinLock.cpp */; };
		AB0DBE7D2399A14F00F6AD43 /* TSpinLock.cpp in Sources */ = {isa = PBXBuildFile; fileRef = ABCAFC5B17539B3500BAE1A7 /* TSpinLock.cpp */; };
		AB0DBE7E2399A15000F6AD43 /* TSpinLock.cpp in Sources */ = {isa = PBXBuildFile; fileRef = ABCAFC5B17539B3500BAE1A7 /* TSpinLock.cpp */; };
		AB1B4D9923F024FE00B304D3 /* TStringScanner.cpp in Sources */ = {isa = PBXBuildFile; fileRef = AB1B4D9823F024FE00B304D3 /* TStringScanner.cpp */; };
		AB1B4D9A23F024FE00B304D3 /* TStringScanner.cpp in Sources */ = {isa = PBXBuildFile; fileRef = AB1B4D9823F024FE00B304D3 /* TStringScanner.cpp */; };
		AB1B4D9B23F024FE00B304D3 /* TStringScanner.cpp in Sources */ = {isa = PBXBuildFile; fileRef = AB1B4D9823F024FE00B304D3 /* TStringScanner.cpp */; };
		AB1B4DAA23F2F92A00B304D3 /* TStringTransformer.cpp in Sources */ = {isa = PBXBuildFile; fileRef = AB1B4DA923F2F92A00B304D3 /* TStringTransformer.cpp */; };
		AB1B4DAB23F2F92A00B304D3 /* TStringTransformer.cpp in Sources */ = {isa = PBXBuildFile; fileRef = AB1B4DA923F2F92A00B304D3 /* TStringTransformer.cpp */; };
		AB1B4DAC23F2F92A00B304D3 /* TStringTransformer.cpp in Sources */ = {isa = PBXBuildFile; fileRef = AB1B4DA923F2F92A00B304D3 /* TStringTransformer.cpp */; };
		AB2912192383771600509C66 /* TData.cpp in Sources */ = {isa = PBXBuildFile; fileRef = AB514DA51034184B00E5A6AD /* TData.cpp */; };
		AB29121A2383771700509C66 /* TData.cpp in Sources */ = {isa = PBXBuildFile; fileRef = AB514DA51034184B00E5A6AD /* TData.cpp */; };
		AB29121B2383771700509C66 /* TData.cpp in Sources */ = {isa = PBXBuildFile; fileRef = AB514DA51034184B00E5A6AD /* TData.cpp */; };
		AB439B8123800C0100DBB6B2 /* NanoTest.cpp in Sources */ = {isa = PBXBuildFile; fileRef = AB9156350F9B4F37009FFEAF /* NanoTest.cpp */; };
		AB439BF123800C0600DBB6B2 /* NanoTest.cpp in Sources */ = {isa = PBXBuildFile; fileRef = AB9156350F9B4F37009FFEAF /* NanoTest.cpp */; };
		AB5127E523D0780400528FBE /* TStdAlgorithm.cpp in Sources */ = {isa = PBXBuildFile; fileRef = AB5127E123D0780400528FBE /* TStdAlgorithm.cpp */; };
		AB5127E623D0780400528FBE /* TStdAlgorithm.cpp in Sources */ = {isa = PBXBuildFile; fileRef = AB5127E123D0780400528FBE /* TStdAlgorithm.cpp */; };
		AB5127E723D0780400528FBE /* TStdAlgorithm.cpp in Sources */ = {isa = PBXBuildFile; fileRef = AB5127E123D0780400528FBE /* TStdAlgorithm.cpp */; };
		AB5127EA23D07FC700528FBE /* TStdContainer.cpp in Sources */ = {isa = PBXBuildFile; fileRef = AB5127E923D07FC700528FBE /* TStdContainer.cpp */; };
		AB5127EB23D07FC700528FBE /* TStdContainer.cpp in Sources */ = {isa = PBXBuildFile; fileRef = AB5127E923D07FC700528FBE /* TStdContainer.cpp */; };
		AB5127EC23D07FC700528FBE /* TStdContainer.cpp in Sources */ = {isa = PBXBuildFile; fileRef = AB5127E923D07FC700528FBE /* TStdContainer.cpp */; };
		AB54F9A823EE4503005207BC /* TTextUtils.cpp in Sources */ = {isa = PBXBuildFile; fileRef = AB54F9A723EE4503005207BC /* TTextUtils.cpp */; };
		AB54F9A923EE4503005207BC /* TTextUtils.cpp in Sources */ = {isa = PBXBuildFile; fileRef = AB54F9A723EE4503005207BC /* TTextUtils.cpp */; };
		AB54F9AA23EE4503005207BC /* TTextUtils.cpp in Sources */ = {isa = PBXBuildFile; fileRef = AB54F9A723EE4503005207BC /* TTextUtils.cpp */; };
		AB54F9B123EF14CF005207BC /* TStringComparator.cpp in Sources */ = {isa = PBXBuildFile; fileRef = AB54F9B023EF14CE005207BC /* TStringComparator.cpp */; };
		AB54F9B223EF14CF005207BC /* TStringComparator.cpp in Sources */ = {isa = PBXBuildFile; fileRef = AB54F9B023EF14CE005207BC /* TStringComparator.cpp */; };
		AB54F9B323EF14CF005207BC /* TStringComparator.cpp in Sources */ = {isa = PBXBuildFile; fileRef = AB54F9B023EF14CE005207BC /* TStringComparator.cpp */; };
		AB56391823C2A3F600675F68 /* TString.cpp in Sources */ = {isa = PBXBuildFile; fileRef = AB56391423C2A3F600675F68 /* TString.cpp */; };
		AB56391923C2A3F600675F68 /* TString.cpp in Sources */ = {isa = PBXBuildFile; fileRef = AB56391423C2A3F600675F68 /* TString.cpp */; };
		AB56391A23C2A3F600675F68 /* TString.cpp in Sources */ = {isa = PBXBuildFile; fileRef = AB56391423C2A3F600675F68 /* TString.cpp */; };
		AB56392223C2A54C00675F68 /* TStringEncoder.cpp in Sources */ = {isa = PBXBuildFile; fileRef = AB56392123C2A54C00675F68 /* TStringEncoder.cpp */; };
		AB56392323C2A54C00675F68 /* TStringEncoder.cpp in Sources */ = {isa = PBXBuildFile; fileRef = AB56392123C2A54C00675F68 /* TStringEncoder.cpp */; };
		AB56392423C2A54C00675F68 /* TStringEncoder.cpp in Sources */ = {isa = PBXBuildFile; fileRef = AB56392123C2A54C00675F68 /* TStringEncoder.cpp */; };
		AB56392923C69CF800675F68 /* TByteSwap.cpp in Sources */ = {isa = PBXBuildFile; fileRef = AB514D831034184B00E5A6AD /* TByteSwap.cpp */; };
		AB56392A23C69CF800675F68 /* TByteSwap.cpp in Sources */ = {isa = PBXBuildFile; fileRef = AB514D831034184B00E5A6AD /* TByteSwap.cpp */; };
		AB56392B23C69CF800675F68 /* TByteSwap.cpp in Sources */ = {isa = PBXBuildFile; fileRef = AB514D831034184B00E5A6AD /* TByteSwap.cpp */; };
		AB56393623C75C1A00675F68 /* TUnicodeView.cpp in Sources */ = {isa = PBXBuildFile; fileRef = AB56393523C75C1A00675F68 /* TUnicodeView.cpp */; };
		AB56393723C75C1A00675F68 /* TUnicodeView.cpp in Sources */ = {isa = PBXBuildFile; fileRef = AB56393523C75C1A00675F68 /* TUnicodeView.cpp */; };
		AB56393823C75C1A00675F68 /* TUnicodeView.cpp in Sources */ = {isa = PBXBuildFile; fileRef = AB56393523C75C1A00675F68 /* TUnicodeView.cpp */; };
		AB91565D0F9B4F37009FFEAF /* NanoTest.cpp in Sources */ = {isa = PBXBuildFile; fileRef = AB9156350F9B4F37009FFEAF /* NanoTest.cpp */; };
		ABA7247323F8415E00CF6EC2 /* TMixinAppendable.cpp in Sources */ = {isa = PBXBuildFile; fileRef = ABA7247223F8415E00CF6EC2 /* TMixinAppendable.cpp */; };
		ABA7247423F8415E00CF6EC2 /* TMixinAppendable.cpp in Sources */ = {isa = PBXBuildFile; fileRef = ABA7247223F8415E00CF6EC2 /* TMixinAppendable.cpp */; };
		ABA7247523F8415E00CF6EC2 /* TMixinAppendable.cpp in Sources */ = {isa = PBXBuildFile; fileRef = ABA7247223F8415E00CF6EC2 /* TMixinAppendable.cpp */; };
		ABB3379A23A04E09000B81B0 /* TMutex.cpp in Sources */ = {isa = PBXBuildFile; fileRef = ABCAFC5717539B3500BAE1A7 /* TMutex.cpp */; };
		ABB3379B23A04E0A000B81B0 /* TMutex.cpp in Sources */ = {isa = PBXBuildFile; fileRef = ABCAFC5717539B3500BAE1A7 /* TMutex.cpp */; };
		ABB3379C23A04E0A000B81B0 /* TMutex.cpp in Sources */ = {isa = PBXBuildFile; fileRef = ABCAFC5717539B3500BAE1A7 /* TMutex.cpp */; };
		ABBB2B5E23801DBB00EB2840 /* TLog.cpp in Sources */ = {isa = PBXBuildFile; fileRef = ABBB2B5B23801DBB00EB2840 /* TLog.cpp */; };
		ABBB2B5F23801DBB00EB2840 /* TLog.cpp in Sources */ = {isa = PBXBuildFile; fileRef = ABBB2B5B23801DBB00EB2840 /* TLog.cpp */; };
		ABBB2B6023801DBB00EB2840 /* TLog.cpp in Sources */ = {isa = PBXBuildFile; fileRef = ABBB2B5B23801DBB00EB2840 /* TLog.cpp */; };
		ABBB2B6123801DBB00EB2840 /* TLogOutput.cpp in Sources */ = {isa = PBXBuildFile; fileRef = ABBB2B5C23801DBB00EB2840 /* TLogOutput.cpp */; };
		ABBB2B6223801DBB00EB2840 /* TLogOutput.cpp in Sources */ = {isa = PBXBuildFile; fileRef = ABBB2B5C23801DBB00EB2840 /* TLogOutput.cpp */; };
		ABBB2B6323801DBB00EB2840 /* TLogOutput.cpp in Sources */ = {isa = PBXBuildFile; fileRef = ABBB2B5C23801DBB00EB2840 /* TLogOutput.cpp */; };
		ABBB2B6423801DBB00EB2840 /* TDebug.cpp in Sources */ = {isa = PBXBuildFile; fileRef = ABBB2B5D23801DBB00EB2840 /* TDebug.cpp */; };
		ABBB2B6523801DBB00EB2840 /* TDebug.cpp in Sources */ = {isa = PBXBuildFile; fileRef = ABBB2B5D23801DBB00EB2840 /* TDebug.cpp */; };
		ABBB2B6623801DBB00EB2840 /* TDebug.cpp in Sources */ = {isa = PBXBuildFile; fileRef = ABBB2B5D23801DBB00EB2840 /* TDebug.cpp */; };
		ABBB2B74238092C700EB2840 /* TRange.cpp in Sources */ = {isa = PBXBuildFile; fileRef = AB514DB51034184B00E5A6AD /* TRange.cpp */; };
		ABBB2B75238092C800EB2840 /* TRange.cpp in Sources */ = {isa = PBXBuildFile; fileRef = AB514DB51034184B00E5A6AD /* TRange.cpp */; };
		ABBB2B76238092C800EB2840 /* TRange.cpp in Sources */ = {isa = PBXBuildFile; fileRef = AB514DB51034184B00E5A6AD /* TRange.cpp */; };
		ABF5130D2397B193001F9F8B /* TMixinAttributes.cpp in Sources */ = {isa = PBXBuildFile; fileRef = ABF5130C2397B193001F9F8B /* TMixinAttributes.cpp */; };
		ABF5130E2397B193001F9F8B /* TMixinAttributes.cpp in Sources */ = {isa = PBXBuildFile; fileRef = ABF5130C2397B193001F9F8B /* TMixinAttributes.cpp */; };
		ABF5130F2397B193001F9F8B /* TMixinAttributes.cpp in Sources */ = {isa = PBXBuildFile; fileRef = ABF5130C2397B193001F9F8B /* TMixinAttributes.cpp */; };
		ABF513132397C3FB001F9F8B /* TMixinComparable.cpp in Sources */ = {isa = PBXBuildFile; fileRef = ABF513102397C3FB001F9F8B /* TMixinComparable.cpp */; };
		ABF513142397C3FB001F9F8B /* TMixinComparable.cpp in Sources */ = {isa = PBXBuildFile; fileRef = ABF513102397C3FB001F9F8B /* TMixinComparable.cpp */; };
		ABF513152397C3FB001F9F8B /* TMixinComparable.cpp in Sources */ = {isa = PBXBuildFile; fileRef = ABF513102397C3FB001F9F8B /* TMixinComparable.cpp */; };
		ABF513162397C3FB001F9F8B /* TMixinContainer.cpp in Sources */ = {isa = PBXBuildFile; fileRef = ABF513112397C3FB001F9F8B /* TMixinContainer.cpp */; };
		ABF513172397C3FB001F9F8B /* TMixinContainer.cpp in Sources */ = {isa = PBXBuildFile; fileRef = ABF513112397C3FB001F9F8B /* TMixinContainer.cpp */; };
		ABF513182397C3FB001F9F8B /* TMixinContainer.cpp in Sources */ = {isa = PBXBuildFile; fileRef = ABF513112397C3FB001F9F8B /* TMixinContainer.cpp */; };
		ABF513192397C3FB001F9F8B /* TMixinHashable.cpp in Sources */ = {isa = PBXBuildFile; fileRef = ABF513122397C3FB001F9F8B /* TMixinHashable.cpp */; };
		ABF5131A2397C3FB001F9F8B /* TMixinHashable.cpp in Sources */ = {isa = PBXBuildFile; fileRef = ABF513122397C3FB001F9F8B /* TMixinHashable.cpp */; };
		ABF5131B2397C3FB001F9F8B /* TMixinHashable.cpp in Sources */ = {isa = PBXBuildFile; fileRef = ABF513122397C3FB001F9F8B /* TMixinHashable.cpp */; };
/* End PBXBuildFile section */

/* Begin PBXContainerItemProxy section */
		AB439B7123800B1000DBB6B2 /* PBXContainerItemProxy */ = {
			isa = PBXContainerItemProxy;
			containerPortal = AB439B6B23800B1000DBB6B2 /* Nano.xcodeproj */;
			proxyType = 2;
			remoteGlobalIDString = AB28FBDD0FB5D36300F72C61;
			remoteInfo = Nano_iOS;
		};
		AB439B7323800B1000DBB6B2 /* PBXContainerItemProxy */ = {
			isa = PBXContainerItemProxy;
			containerPortal = AB439B6B23800B1000DBB6B2 /* Nano.xcodeproj */;
			proxyType = 2;
			remoteGlobalIDString = D2AAC06F0554671400DB518D;
			remoteInfo = Nano_macOS;
		};
		AB439B7523800B1000DBB6B2 /* PBXContainerItemProxy */ = {
			isa = PBXContainerItemProxy;
			containerPortal = AB439B6B23800B1000DBB6B2 /* Nano.xcodeproj */;
			proxyType = 2;
			remoteGlobalIDString = AB03E642237A0C5F00FACADF;
			remoteInfo = Nano_tvOS;
		};
		ABBB2B6B23806EED00EB2840 /* PBXContainerItemProxy */ = {
			isa = PBXContainerItemProxy;
			containerPortal = AB439B6B23800B1000DBB6B2 /* Nano.xcodeproj */;
			proxyType = 1;
			remoteGlobalIDString = AB03E591237A0C5F00FACADF;
			remoteInfo = Nano_tvOS;
		};
		ABBB2B7023806EF200EB2840 /* PBXContainerItemProxy */ = {
			isa = PBXContainerItemProxy;
			containerPortal = AB439B6B23800B1000DBB6B2 /* Nano.xcodeproj */;
			proxyType = 1;
			remoteGlobalIDString = D2AAC06E0554671400DB518D;
			remoteInfo = Nano_macOS;
		};
		ABBB2B7223806EF500EB2840 /* PBXContainerItemProxy */ = {
			isa = PBXContainerItemProxy;
			containerPortal = AB439B6B23800B1000DBB6B2 /* Nano.xcodeproj */;
			proxyType = 1;
			remoteGlobalIDString = AB28FBDC0FB5D36300F72C61;
			remoteInfo = Nano_iOS;
		};
/* End PBXContainerItemProxy section */

/* Begin PBXFileReference section */
		20286C33FDCF999611CA2CEA /* Carbon.framework */ = {isa = PBXFileReference; lastKnownFileType = wrapper.framework; name = Carbon.framework; path = /System/Library/Frameworks/Carbon.framework; sourceTree = "<absolute>"; };
		8D0C4E970486CD37000505A6 /* NanoTest_macOS */ = {isa = PBXFileReference; explicitFileType = "compiled.mach-o.executable"; includeInIndex = 0; path = NanoTest_macOS; sourceTree = BUILT_PRODUCTS_DIR; };
		AB09E1C4240D5F49001FCBFC /* TStringFormatter.cpp */ = {isa = PBXFileReference; fileEncoding = 4; lastKnownFileType = sourcecode.cpp.cpp; path = TStringFormatter.cpp; sourceTree = "<group>"; };
		AB0DBE7623999C1700F6AD43 /* TTimeUtils.cpp */ = {isa = PBXFileReference; fileEncoding = 4; lastKnownFileType = sourcecode.cpp.cpp; path = TTimeUtils.cpp; sourceTree = "<group>"; };
		AB14315F103EC576002BD0D1 /* TFileIterator.cpp */ = {isa = PBXFileReference; fileEncoding = 4; lastKnownFileType = sourcecode.cpp.cpp; path = TFileIterator.cpp; sourceTree = "<group>"; };
		AB14320D103F512C002BD0D1 /* TColor.cpp */ = {isa = PBXFileReference; fileEncoding = 4; lastKnownFileType = sourcecode.cpp.cpp; path = TColor.cpp; sourceTree = "<group>"; };
		AB1B4D9823F024FE00B304D3 /* TStringScanner.cpp */ = {isa = PBXFileReference; fileEncoding = 4; lastKnownFileType = sourcecode.cpp.cpp; path = TStringScanner.cpp; sourceTree = "<group>"; };
		AB1B4DA923F2F92A00B304D3 /* TStringTransformer.cpp */ = {isa = PBXFileReference; fileEncoding = 4; lastKnownFileType = sourcecode.cpp.cpp; path = TStringTransformer.cpp; sourceTree = "<group>"; };
		AB1BA195104E7D1400BB002B /* TTransform.cpp */ = {isa = PBXFileReference; fileEncoding = 4; lastKnownFileType = sourcecode.cpp.cpp; path = TTransform.cpp; sourceTree = "<group>"; };
		AB1BA2A3105016AF00BB002B /* TGeometryUtilities.cpp */ = {isa = PBXFileReference; fileEncoding = 4; lastKnownFileType = sourcecode.cpp.cpp; path = TGeometryUtilities.cpp; sourceTree = "<group>"; };
		AB2AAC761035B65D007BC4E6 /* TUTI.cpp */ = {isa = PBXFileReference; fileEncoding = 4; lastKnownFileType = sourcecode.cpp.cpp; path = TUTI.cpp; sourceTree = "<group>"; };
		AB2AAD7D10396310007BC4E6 /* TLocale.cpp */ = {isa = PBXFileReference; fileEncoding = 4; lastKnownFileType = sourcecode.cpp.cpp; path = TLocale.cpp; sourceTree = "<group>"; };
		AB2AADC81039797F007BC4E6 /* TUTIRegistry.cpp */ = {isa = PBXFileReference; fileEncoding = 4; lastKnownFileType = sourcecode.cpp.cpp; path = TUTIRegistry.cpp; sourceTree = "<group>"; };
		AB328C8517612CBF00782F40 /* StdAfx.cpp */ = {isa = PBXFileReference; lastKnownFileType = sourcecode.cpp.cpp; path = StdAfx.cpp; sourceTree = "<group>"; };
		AB328C8617612CBF00782F40 /* StdAfx.h */ = {isa = PBXFileReference; lastKnownFileType = sourcecode.c.h; path = StdAfx.h; sourceTree = "<group>"; };
		AB3326D11046C9B100C8DF0A /* TShape.cpp */ = {isa = PBXFileReference; fileEncoding = 4; lastKnownFileType = sourcecode.cpp.cpp; path = TShape.cpp; sourceTree = "<group>"; };
		AB439B6B23800B1000DBB6B2 /* Nano.xcodeproj */ = {isa = PBXFileReference; lastKnownFileType = "wrapper.pb-project"; name = Nano.xcodeproj; path = ../../Library/Project/Nano.xcodeproj; sourceTree = "<group>"; };
		AB439B7923800B9600DBB6B2 /* NanoTest_iOS.xcconfig */ = {isa = PBXFileReference; lastKnownFileType = text.xcconfig; path = NanoTest_iOS.xcconfig; sourceTree = "<group>"; };
		AB439B7A23800B9600DBB6B2 /* NanoTest.xcconfig */ = {isa = PBXFileReference; lastKnownFileType = text.xcconfig; path = NanoTest.xcconfig; sourceTree = "<group>"; };
		AB439B7B23800B9600DBB6B2 /* NanoTest_tvOS.xcconfig */ = {isa = PBXFileReference; lastKnownFileType = text.xcconfig; path = NanoTest_tvOS.xcconfig; sourceTree = "<group>"; };
		AB439B7C23800B9600DBB6B2 /* NanoTest_macOS.xcconfig */ = {isa = PBXFileReference; lastKnownFileType = text.xcconfig; path = NanoTest_macOS.xcconfig; sourceTree = "<group>"; };
		AB439BEC23800C0100DBB6B2 /* NanoTest_iOS */ = {isa = PBXFileReference; explicitFileType = "compiled.mach-o.executable"; includeInIndex = 0; path = NanoTest_iOS; sourceTree = BUILT_PRODUCTS_DIR; };
		AB439C5C23800C0600DBB6B2 /* NanoTest_tvOS */ = {isa = PBXFileReference; explicitFileType = "compiled.mach-o.executable"; includeInIndex = 0; path = NanoTest_tvOS; sourceTree = BUILT_PRODUCTS_DIR; };
		AB481C6E12A539690052C55F /* TNetworkManager.cpp */ = {isa = PBXFileReference; fileEncoding = 4; lastKnownFileType = sourcecode.cpp.cpp; path = TNetworkManager.cpp; sourceTree = "<group>"; };
		AB481C7012A539690052C55F /* TURLRequest.cpp */ = {isa = PBXFileReference; fileEncoding = 4; lastKnownFileType = sourcecode.cpp.cpp; path = TURLRequest.cpp; sourceTree = "<group>"; };
		AB481C7212A539690052C55F /* TURLResponse.cpp */ = {isa = PBXFileReference; fileEncoding = 4; lastKnownFileType = sourcecode.cpp.cpp; path = TURLResponse.cpp; sourceTree = "<group>"; };
		AB481C7B12A539830052C55F /* TURL.cpp */ = {isa = PBXFileReference; fileEncoding = 4; lastKnownFileType = sourcecode.cpp.cpp; path = TURL.cpp; sourceTree = "<group>"; };
		AB481CAD12A57EF40052C55F /* SystemConfiguration.framework */ = {isa = PBXFileReference; lastKnownFileType = wrapper.framework; name = SystemConfiguration.framework; path = /System/Library/Frameworks/SystemConfiguration.framework; sourceTree = "<absolute>"; };
		AB5127E123D0780400528FBE /* TStdAlgorithm.cpp */ = {isa = PBXFileReference; fileEncoding = 4; lastKnownFileType = sourcecode.cpp.cpp; path = TStdAlgorithm.cpp; sourceTree = "<group>"; };
		AB5127E923D07FC700528FBE /* TStdContainer.cpp */ = {isa = PBXFileReference; fileEncoding = 4; lastKnownFileType = sourcecode.cpp.cpp; path = TStdContainer.cpp; sourceTree = "<group>"; };
		AB514D601034184B00E5A6AD /* TCommandLine.cpp */ = {isa = PBXFileReference; fileEncoding = 4; lastKnownFileType = sourcecode.cpp.cpp; path = TCommandLine.cpp; sourceTree = "<group>"; };
		AB514D621034184B00E5A6AD /* TPreferences.cpp */ = {isa = PBXFileReference; fileEncoding = 4; lastKnownFileType = sourcecode.cpp.cpp; path = TPreferences.cpp; sourceTree = "<group>"; };
		AB514D641034184B00E5A6AD /* TUndoManager.cpp */ = {isa = PBXFileReference; fileEncoding = 4; lastKnownFileType = sourcecode.cpp.cpp; path = TUndoManager.cpp; sourceTree = "<group>"; };
		AB514D661034184B00E5A6AD /* TUndoSource.cpp */ = {isa = PBXFileReference; fileEncoding = 4; lastKnownFileType = sourcecode.cpp.cpp; path = TUndoSource.cpp; sourceTree = "<group>"; };
		AB514D6C1034184B00E5A6AD /* TDBHandle.cpp */ = {isa = PBXFileReference; fileEncoding = 4; lastKnownFileType = sourcecode.cpp.cpp; path = TDBHandle.cpp; sourceTree = "<group>"; };
		AB514D6E1034184B00E5A6AD /* TDBHandlePool.cpp */ = {isa = PBXFileReference; fileEncoding = 4; lastKnownFileType = sourcecode.cpp.cpp; path = TDBHandlePool.cpp; sourceTree = "<group>"; };
		AB514D711034184B00E5A6AD /* TBroadcaster.cpp */ = {isa = PBXFileReference; fileEncoding = 4; lastKnownFileType = sourcecode.cpp.cpp; path = TBroadcaster.cpp; sourceTree = "<group>"; };
		AB514D731034184B00E5A6AD /* TListener.cpp */ = {isa = PBXFileReference; fileEncoding = 4; lastKnownFileType = sourcecode.cpp.cpp; path = TListener.cpp; sourceTree = "<group>"; };
		AB514D751034184B00E5A6AD /* TTimer.cpp */ = {isa = PBXFileReference; fileEncoding = 4; lastKnownFileType = sourcecode.cpp.cpp; path = TTimer.cpp; sourceTree = "<group>"; };
		AB514D781034184B00E5A6AD /* TBundle.cpp */ = {isa = PBXFileReference; fileEncoding = 4; lastKnownFileType = sourcecode.cpp.cpp; path = TBundle.cpp; sourceTree = "<group>"; };
		AB514D7A1034184B00E5A6AD /* TFile.cpp */ = {isa = PBXFileReference; fileEncoding = 4; lastKnownFileType = sourcecode.cpp.cpp; path = TFile.cpp; sourceTree = "<group>"; };
		AB514D7C1034184B00E5A6AD /* TFileMap.cpp */ = {isa = PBXFileReference; fileEncoding = 4; lastKnownFileType = sourcecode.cpp.cpp; path = TFileMap.cpp; sourceTree = "<group>"; };
		AB514D7E1034184B00E5A6AD /* TPropertyList.cpp */ = {isa = PBXFileReference; fileEncoding = 4; lastKnownFileType = sourcecode.cpp.cpp; path = TPropertyList.cpp; sourceTree = "<group>"; };
		AB514D831034184B00E5A6AD /* TByteSwap.cpp */ = {isa = PBXFileReference; fileEncoding = 4; lastKnownFileType = sourcecode.cpp.cpp; path = TByteSwap.cpp; sourceTree = "<group>"; };
		AB514D871034184B00E5A6AD /* TDataCompressor.cpp */ = {isa = PBXFileReference; fileEncoding = 4; lastKnownFileType = sourcecode.cpp.cpp; path = TDataCompressor.cpp; sourceTree = "<group>"; };
		AB514D891034184B00E5A6AD /* TUnicodeParser.cpp */ = {isa = PBXFileReference; fileEncoding = 4; lastKnownFileType = sourcecode.cpp.cpp; path = TUnicodeParser.cpp; sourceTree = "<group>"; };
		AB514D8B1034184B00E5A6AD /* TXMLEncoder.cpp */ = {isa = PBXFileReference; fileEncoding = 4; lastKnownFileType = sourcecode.cpp.cpp; path = TXMLEncoder.cpp; sourceTree = "<group>"; };
		AB514D8D1034184B00E5A6AD /* TXMLNode.cpp */ = {isa = PBXFileReference; fileEncoding = 4; lastKnownFileType = sourcecode.cpp.cpp; path = TXMLNode.cpp; sourceTree = "<group>"; };
		AB514D8F1034184B00E5A6AD /* TXMLParser.cpp */ = {isa = PBXFileReference; fileEncoding = 4; lastKnownFileType = sourcecode.cpp.cpp; path = TXMLParser.cpp; sourceTree = "<group>"; };
		AB514D941034184B00E5A6AD /* TAtomicList.cpp */ = {isa = PBXFileReference; fileEncoding = 4; lastKnownFileType = sourcecode.cpp.cpp; path = TAtomicList.cpp; sourceTree = "<group>"; };
		AB514D961034184B00E5A6AD /* TLock.cpp */ = {isa = PBXFileReference; fileEncoding = 4; lastKnownFileType = sourcecode.cpp.cpp; path = TLock.cpp; sourceTree = "<group>"; };
		AB514D981034184B00E5A6AD /* TSemaphore.cpp */ = {isa = PBXFileReference; fileEncoding = 4; lastKnownFileType = sourcecode.cpp.cpp; path = TSemaphore.cpp; sourceTree = "<group>"; };
		AB514D9A1034184B00E5A6AD /* TThread.cpp */ = {isa = PBXFileReference; fileEncoding = 4; lastKnownFileType = sourcecode.cpp.cpp; path = TThread.cpp; sourceTree = "<group>"; };
		AB514D9C1034184B00E5A6AD /* TThreadPool.cpp */ = {isa = PBXFileReference; fileEncoding = 4; lastKnownFileType = sourcecode.cpp.cpp; path = TThreadPool.cpp; sourceTree = "<group>"; };
		AB514D9F1034184B00E5A6AD /* TArray.cpp */ = {isa = PBXFileReference; fileEncoding = 4; lastKnownFileType = sourcecode.cpp.cpp; path = TArray.cpp; sourceTree = "<group>"; };
		AB514DA11034184B00E5A6AD /* TBitVector.cpp */ = {isa = PBXFileReference; fileEncoding = 4; lastKnownFileType = sourcecode.cpp.cpp; path = TBitVector.cpp; sourceTree = "<group>"; };
		AB514DA51034184B00E5A6AD /* TData.cpp */ = {isa = PBXFileReference; fileEncoding = 4; lastKnownFileType = sourcecode.cpp.cpp; path = TData.cpp; sourceTree = "<group>"; };
		AB514DA71034184B00E5A6AD /* TDate.cpp */ = {isa = PBXFileReference; fileEncoding = 4; lastKnownFileType = sourcecode.cpp.cpp; path = TDate.cpp; sourceTree = "<group>"; };
		AB514DA91034184B00E5A6AD /* TDateFormatter.cpp */ = {isa = PBXFileReference; fileEncoding = 4; lastKnownFileType = sourcecode.cpp.cpp; path = TDateFormatter.cpp; sourceTree = "<group>"; };
		AB514DAB1034184B00E5A6AD /* TDictionary.cpp */ = {isa = PBXFileReference; fileEncoding = 4; lastKnownFileType = sourcecode.cpp.cpp; path = TDictionary.cpp; sourceTree = "<group>"; };
		AB514DAD1034184B00E5A6AD /* TEncoder.cpp */ = {isa = PBXFileReference; fileEncoding = 4; lastKnownFileType = sourcecode.cpp.cpp; path = TEncoder.cpp; sourceTree = "<group>"; };
		AB514DB11034184B00E5A6AD /* TNumber.cpp */ = {isa = PBXFileReference; fileEncoding = 4; lastKnownFileType = sourcecode.cpp.cpp; path = TNumber.cpp; sourceTree = "<group>"; };
		AB514DB51034184B00E5A6AD /* TRange.cpp */ = {isa = PBXFileReference; fileEncoding = 4; lastKnownFileType = sourcecode.cpp.cpp; path = TRange.cpp; sourceTree = "<group>"; };
		AB514DC11034184B00E5A6AD /* TVariant.cpp */ = {isa = PBXFileReference; fileEncoding = 4; lastKnownFileType = sourcecode.cpp.cpp; path = TVariant.cpp; sourceTree = "<group>"; };
		AB514DC41034184B00E5A6AD /* TFileUtilities.cpp */ = {isa = PBXFileReference; fileEncoding = 4; lastKnownFileType = sourcecode.cpp.cpp; path = TFileUtilities.cpp; sourceTree = "<group>"; };
		AB514DC61034184B00E5A6AD /* TMathUtilities.cpp */ = {isa = PBXFileReference; fileEncoding = 4; lastKnownFileType = sourcecode.cpp.cpp; path = TMathUtilities.cpp; sourceTree = "<group>"; };
		AB514DCA1034184B00E5A6AD /* TSystemUtilities.cpp */ = {isa = PBXFileReference; fileEncoding = 4; lastKnownFileType = sourcecode.cpp.cpp; path = TSystemUtilities.cpp; sourceTree = "<group>"; };
		AB514DCC1034184B00E5A6AD /* TTextUtilities.cpp */ = {isa = PBXFileReference; fileEncoding = 4; lastKnownFileType = sourcecode.cpp.cpp; path = TTextUtilities.cpp; sourceTree = "<group>"; };
		AB514DCE1034184B00E5A6AD /* TThreadUtilities.cpp */ = {isa = PBXFileReference; fileEncoding = 4; lastKnownFileType = sourcecode.cpp.cpp; path = TThreadUtilities.cpp; sourceTree = "<group>"; };
		AB514DD51034184B00E5A6AD /* TNSSingleton.mm */ = {isa = PBXFileReference; fileEncoding = 4; lastKnownFileType = sourcecode.cpp.objcpp; path = TNSSingleton.mm; sourceTree = "<group>"; };
		AB514DD71034184B00E5A6AD /* TCFArray.cpp */ = {isa = PBXFileReference; fileEncoding = 4; lastKnownFileType = sourcecode.cpp.cpp; path = TCFArray.cpp; sourceTree = "<group>"; };
		AB514DD91034184B00E5A6AD /* TCFData.cpp */ = {isa = PBXFileReference; fileEncoding = 4; lastKnownFileType = sourcecode.cpp.cpp; path = TCFData.cpp; sourceTree = "<group>"; };
		AB514DDB1034184B00E5A6AD /* TCFDate.cpp */ = {isa = PBXFileReference; fileEncoding = 4; lastKnownFileType = sourcecode.cpp.cpp; path = TCFDate.cpp; sourceTree = "<group>"; };
		AB514DDD1034184B00E5A6AD /* TCFDictionary.cpp */ = {isa = PBXFileReference; fileEncoding = 4; lastKnownFileType = sourcecode.cpp.cpp; path = TCFDictionary.cpp; sourceTree = "<group>"; };
		AB514DDF1034184B00E5A6AD /* TCFNumber.cpp */ = {isa = PBXFileReference; fileEncoding = 4; lastKnownFileType = sourcecode.cpp.cpp; path = TCFNumber.cpp; sourceTree = "<group>"; };
		AB514DE11034184B00E5A6AD /* TCFObject.cpp */ = {isa = PBXFileReference; fileEncoding = 4; lastKnownFileType = sourcecode.cpp.cpp; path = TCFObject.cpp; sourceTree = "<group>"; };
		AB514DE31034184B00E5A6AD /* TCFString.cpp */ = {isa = PBXFileReference; fileEncoding = 4; lastKnownFileType = sourcecode.cpp.cpp; path = TCFString.cpp; sourceTree = "<group>"; };
		AB514E741034612D00E5A6AD /* TPoint.cpp */ = {isa = PBXFileReference; fileEncoding = 4; lastKnownFileType = sourcecode.cpp.cpp; path = TPoint.cpp; sourceTree = "<group>"; };
		AB514E761034612D00E5A6AD /* TRectangle.cpp */ = {isa = PBXFileReference; fileEncoding = 4; lastKnownFileType = sourcecode.cpp.cpp; path = TRectangle.cpp; sourceTree = "<group>"; };
		AB514E781034612D00E5A6AD /* TSize.cpp */ = {isa = PBXFileReference; fileEncoding = 4; lastKnownFileType = sourcecode.cpp.cpp; path = TSize.cpp; sourceTree = "<group>"; };
		AB514EBC1034654800E5A6AD /* TVector.cpp */ = {isa = PBXFileReference; fileEncoding = 4; lastKnownFileType = sourcecode.cpp.cpp; path = TVector.cpp; sourceTree = "<group>"; };
		AB514F7A1035788600E5A6AD /* TPropertyStore.cpp */ = {isa = PBXFileReference; fileEncoding = 4; lastKnownFileType = sourcecode.cpp.cpp; path = TPropertyStore.cpp; sourceTree = "<group>"; };
		AB54F9A723EE4503005207BC /* TTextUtils.cpp */ = {isa = PBXFileReference; fileEncoding = 4; lastKnownFileType = sourcecode.cpp.cpp; path = TTextUtils.cpp; sourceTree = "<group>"; };
		AB54F9B023EF14CE005207BC /* TStringComparator.cpp */ = {isa = PBXFileReference; fileEncoding = 4; lastKnownFileType = sourcecode.cpp.cpp; path = TStringComparator.cpp; sourceTree = "<group>"; };
		AB56391423C2A3F600675F68 /* TString.cpp */ = {isa = PBXFileReference; fileEncoding = 4; lastKnownFileType = sourcecode.cpp.cpp; path = TString.cpp; sourceTree = "<group>"; };
		AB56392123C2A54C00675F68 /* TStringEncoder.cpp */ = {isa = PBXFileReference; fileEncoding = 4; lastKnownFileType = sourcecode.cpp.cpp; path = TStringEncoder.cpp; sourceTree = "<group>"; };
		AB56393523C75C1A00675F68 /* TUnicodeView.cpp */ = {isa = PBXFileReference; fileEncoding = 4; lastKnownFileType = sourcecode.cpp.cpp; path = TUnicodeView.cpp; sourceTree = "<group>"; };
		AB6E7E3609F9052300F73093 /* Cocoa.framework */ = {isa = PBXFileReference; lastKnownFileType = wrapper.framework; name = Cocoa.framework; path = /System/Library/Frameworks/Cocoa.framework; sourceTree = "<absolute>"; };
		AB7AAFE8103AC51C004B1F6E /* TDataCipher.cpp */ = {isa = PBXFileReference; fileEncoding = 4; lastKnownFileType = sourcecode.cpp.cpp; path = TDataCipher.cpp; sourceTree = "<group>"; };
		AB7AB14A103AE59F004B1F6E /* TDataDigest.cpp */ = {isa = PBXFileReference; fileEncoding = 4; lastKnownFileType = sourcecode.cpp.cpp; path = TDataDigest.cpp; sourceTree = "<group>"; };
		AB8CE2E5104D617100306EDC /* TDataEncoder.cpp */ = {isa = PBXFileReference; fileEncoding = 4; lastKnownFileType = sourcecode.cpp.cpp; path = TDataEncoder.cpp; sourceTree = "<group>"; };
		AB9155DD0F9B4F37009FFEAF /* CTestUtilities.cpp */ = {isa = PBXFileReference; fileEncoding = 4; lastKnownFileType = sourcecode.cpp.cpp; path = CTestUtilities.cpp; sourceTree = "<group>"; };
		AB9155DE0F9B4F37009FFEAF /* CTestUtilities.h */ = {isa = PBXFileReference; fileEncoding = 4; lastKnownFileType = sourcecode.c.h; path = CTestUtilities.h; sourceTree = "<group>"; };
		AB9156350F9B4F37009FFEAF /* NanoTest.cpp */ = {isa = PBXFileReference; fileEncoding = 4; lastKnownFileType = sourcecode.cpp.cpp; path = NanoTest.cpp; sourceTree = "<group>"; };
		ABA529CC16626BFA000C695B /* TNetworkBrowser.cpp */ = {isa = PBXFileReference; fileEncoding = 4; lastKnownFileType = sourcecode.cpp.cpp; path = TNetworkBrowser.cpp; sourceTree = "<group>"; };
		ABA529CE16626BFA000C695B /* TNetworkService.cpp */ = {isa = PBXFileReference; fileEncoding = 4; lastKnownFileType = sourcecode.cpp.cpp; path = TNetworkService.cpp; sourceTree = "<group>"; };
		ABA7247223F8415E00CF6EC2 /* TMixinAppendable.cpp */ = {isa = PBXFileReference; fileEncoding = 4; lastKnownFileType = sourcecode.cpp.cpp; path = TMixinAppendable.cpp; sourceTree = "<group>"; };
		ABB4E03F1767BA6800892A75 /* TImage.cpp */ = {isa = PBXFileReference; fileEncoding = 4; lastKnownFileType = sourcecode.cpp.cpp; path = TImage.cpp; sourceTree = "<group>"; };
		ABB57D14112ADC21003D714C /* TSingleton.cpp */ = {isa = PBXFileReference; fileEncoding = 4; lastKnownFileType = sourcecode.cpp.cpp; path = TSingleton.cpp; sourceTree = "<group>"; };
		ABB6782E12AE56EF0077D64E /* TCFURL.cpp */ = {isa = PBXFileReference; fileEncoding = 4; lastKnownFileType = sourcecode.cpp.cpp; path = TCFURL.cpp; sourceTree = "<group>"; };
		ABBB2B5B23801DBB00EB2840 /* TLog.cpp */ = {isa = PBXFileReference; fileEncoding = 4; lastKnownFileType = sourcecode.cpp.cpp; path = TLog.cpp; sourceTree = "<group>"; };
		ABBB2B5C23801DBB00EB2840 /* TLogOutput.cpp */ = {isa = PBXFileReference; fileEncoding = 4; lastKnownFileType = sourcecode.cpp.cpp; path = TLogOutput.cpp; sourceTree = "<group>"; };
		ABBB2B5D23801DBB00EB2840 /* TDebug.cpp */ = {isa = PBXFileReference; fileEncoding = 4; lastKnownFileType = sourcecode.cpp.cpp; path = TDebug.cpp; sourceTree = "<group>"; };
		ABC66E7B17411D52005B9357 /* TTask.cpp */ = {isa = PBXFileReference; fileEncoding = 4; lastKnownFileType = sourcecode.cpp.cpp; path = TTask.cpp; sourceTree = "<group>"; };
		ABCAFC5717539B3500BAE1A7 /* TMutex.cpp */ = {isa = PBXFileReference; fileEncoding = 4; lastKnownFileType = sourcecode.cpp.cpp; path = TMutex.cpp; sourceTree = "<group>"; };
		ABCAFC5917539B3500BAE1A7 /* TReadWriteLock.cpp */ = {isa = PBXFileReference; fileEncoding = 4; lastKnownFileType = sourcecode.cpp.cpp; path = TReadWriteLock.cpp; sourceTree = "<group>"; };
		ABCAFC5B17539B3500BAE1A7 /* TSpinLock.cpp */ = {isa = PBXFileReference; fileEncoding = 4; lastKnownFileType = sourcecode.cpp.cpp; path = TSpinLock.cpp; sourceTree = "<group>"; };
		ABCFE3951773A09C0054EEA3 /* TCGColor.cpp */ = {isa = PBXFileReference; fileEncoding = 4; lastKnownFileType = sourcecode.cpp.cpp; path = TCGColor.cpp; sourceTree = "<group>"; };
		ABCFE3961773A09C0054EEA3 /* TCGContext.cpp */ = {isa = PBXFileReference; fileEncoding = 4; lastKnownFileType = sourcecode.cpp.cpp; path = TCGContext.cpp; sourceTree = "<group>"; };
		ABCFE3971773A09C0054EEA3 /* TCGImage.cpp */ = {isa = PBXFileReference; fileEncoding = 4; lastKnownFileType = sourcecode.cpp.cpp; path = TCGImage.cpp; sourceTree = "<group>"; };
		ABCFE3981773A09C0054EEA3 /* TCGShading.cpp */ = {isa = PBXFileReference; fileEncoding = 4; lastKnownFileType = sourcecode.cpp.cpp; path = TCGShading.cpp; sourceTree = "<group>"; };
		ABCFE3991773A09C0054EEA3 /* TCoreGraphics.cpp */ = {isa = PBXFileReference; fileEncoding = 4; lastKnownFileType = sourcecode.cpp.cpp; path = TCoreGraphics.cpp; sourceTree = "<group>"; };
		ABD6816D167A481B00CB2E04 /* TMessageClient.cpp */ = {isa = PBXFileReference; fileEncoding = 4; lastKnownFileType = sourcecode.cpp.cpp; path = TMessageClient.cpp; sourceTree = "<group>"; };
		ABD6816F167A481C00CB2E04 /* TNetworkMessage.cpp */ = {isa = PBXFileReference; fileEncoding = 4; lastKnownFileType = sourcecode.cpp.cpp; path = TNetworkMessage.cpp; sourceTree = "<group>"; };
		ABD6817D167AB8AA00CB2E04 /* TJSONEncoder.cpp */ = {isa = PBXFileReference; fileEncoding = 4; lastKnownFileType = sourcecode.cpp.cpp; path = TJSONEncoder.cpp; sourceTree = "<group>"; };
		ABE96256103B00A300029708 /* TNSAutoReleasePool.mm */ = {isa = PBXFileReference; fileEncoding = 4; lastKnownFileType = sourcecode.cpp.objcpp; path = TNSAutoReleasePool.mm; sourceTree = "<group>"; };
		ABEB0BFE16760C8A00B74B71 /* TMessageServer.cpp */ = {isa = PBXFileReference; fileEncoding = 4; lastKnownFileType = sourcecode.cpp.cpp; path = TMessageServer.cpp; sourceTree = "<group>"; };
		ABEC885B0FC73DD7003B7166 /* CTestListener.cpp */ = {isa = PBXFileReference; fileEncoding = 4; lastKnownFileType = sourcecode.cpp.cpp; path = CTestListener.cpp; sourceTree = "<group>"; };
		ABEC885C0FC73DD7003B7166 /* CTestListener.h */ = {isa = PBXFileReference; fileEncoding = 4; lastKnownFileType = sourcecode.c.h; path = CTestListener.h; sourceTree = "<group>"; };
		ABED2AF910BBD88C00EA8ECC /* TCache.cpp */ = {isa = PBXFileReference; fileEncoding = 4; lastKnownFileType = sourcecode.cpp.cpp; path = TCache.cpp; sourceTree = "<group>"; };
		ABED2AFB10BBD88C00EA8ECC /* TCacheKey.cpp */ = {isa = PBXFileReference; fileEncoding = 4; lastKnownFileType = sourcecode.cpp.cpp; path = TCacheKey.cpp; sourceTree = "<group>"; };
		ABED2B9110BFE2F000EA8ECC /* TCacheValue.cpp */ = {isa = PBXFileReference; fileEncoding = 4; lastKnownFileType = sourcecode.cpp.cpp; path = TCacheValue.cpp; sourceTree = "<group>"; };
		ABF5130C2397B193001F9F8B /* TMixinAttributes.cpp */ = {isa = PBXFileReference; fileEncoding = 4; lastKnownFileType = sourcecode.cpp.cpp; path = TMixinAttributes.cpp; sourceTree = "<group>"; };
		ABF513102397C3FB001F9F8B /* TMixinComparable.cpp */ = {isa = PBXFileReference; fileEncoding = 4; lastKnownFileType = sourcecode.cpp.cpp; path = TMixinComparable.cpp; sourceTree = "<group>"; };
		ABF513112397C3FB001F9F8B /* TMixinContainer.cpp */ = {isa = PBXFileReference; fileEncoding = 4; lastKnownFileType = sourcecode.cpp.cpp; path = TMixinContainer.cpp; sourceTree = "<group>"; };
		ABF513122397C3FB001F9F8B /* TMixinHashable.cpp */ = {isa = PBXFileReference; fileEncoding = 4; lastKnownFileType = sourcecode.cpp.cpp; path = TMixinHashable.cpp; sourceTree = "<group>"; };
		ABFD973C1663951500EE07B7 /* TSocket.cpp */ = {isa = PBXFileReference; fileEncoding = 4; lastKnownFileType = sourcecode.cpp.cpp; path = TSocket.cpp; sourceTree = "<group>"; };
/* End PBXFileReference section */

/* Begin PBXFrameworksBuildPhase section */
		8D0C4E910486CD37000505A6 /* Frameworks */ = {
			isa = PBXFrameworksBuildPhase;
			buildActionMask = 2147483647;
			files = (
			);
			runOnlyForDeploymentPostprocessing = 0;
		};
		AB439BE523800C0100DBB6B2 /* Frameworks */ = {
			isa = PBXFrameworksBuildPhase;
			buildActionMask = 2147483647;
			files = (
			);
			runOnlyForDeploymentPostprocessing = 0;
		};
		AB439C5523800C0600DBB6B2 /* Frameworks */ = {
			isa = PBXFrameworksBuildPhase;
			buildActionMask = 2147483647;
			files = (
			);
			runOnlyForDeploymentPostprocessing = 0;
		};
/* End PBXFrameworksBuildPhase section */

/* Begin PBXGroup section */
		195DF8CFFE9D517E11CA2CBB /* Products */ = {
			isa = PBXGroup;
			children = (
				8D0C4E970486CD37000505A6 /* NanoTest_macOS */,
				AB439BEC23800C0100DBB6B2 /* NanoTest_iOS */,
				AB439C5C23800C0600DBB6B2 /* NanoTest_tvOS */,
			);
			name = Products;
			sourceTree = "<group>";
		};
		20286C29FDCF999611CA2CEA /* NanoTest */ = {
			isa = PBXGroup;
			children = (
				AB9155DC0F9B4F37009FFEAF /* Source */,
				AB439B7723800B9600DBB6B2 /* Support */,
				AB5B29DB09CAD8B7008C593C /* Projects */,
				20286C32FDCF999611CA2CEA /* Frameworks */,
				195DF8CFFE9D517E11CA2CBB /* Products */,
			);
			name = NanoTest;
			sourceTree = "<group>";
		};
		20286C32FDCF999611CA2CEA /* Frameworks */ = {
			isa = PBXGroup;
			children = (
				20286C33FDCF999611CA2CEA /* Carbon.framework */,
				AB6E7E3609F9052300F73093 /* Cocoa.framework */,
				AB481CAD12A57EF40052C55F /* SystemConfiguration.framework */,
			);
			name = Frameworks;
			sourceTree = "<group>";
		};
		AB0DBE7523999C1700F6AD43 /* Time */ = {
			isa = PBXGroup;
			children = (
				AB0DBE7623999C1700F6AD43 /* TTimeUtils.cpp */,
			);
			path = Time;
			sourceTree = "<group>";
		};
		AB328C8217612CBF00782F40 /* Internal */ = {
			isa = PBXGroup;
			children = (
				AB328C8317612CBF00782F40 /* Targets */,
			);
			path = Internal;
			sourceTree = "<group>";
		};
		AB328C8317612CBF00782F40 /* Targets */ = {
			isa = PBXGroup;
			children = (
				AB328C8417612CBF00782F40 /* Windows */,
			);
			path = Targets;
			sourceTree = "<group>";
		};
		AB328C8417612CBF00782F40 /* Windows */ = {
			isa = PBXGroup;
			children = (
				AB328C8517612CBF00782F40 /* StdAfx.cpp */,
				AB328C8617612CBF00782F40 /* StdAfx.h */,
			);
			path = Windows;
			sourceTree = "<group>";
		};
		AB439B6C23800B1000DBB6B2 /* Products */ = {
			isa = PBXGroup;
			children = (
				AB439B7223800B1000DBB6B2 /* libNano_iOS.a */,
				AB439B7423800B1000DBB6B2 /* libNano_macOS.a */,
				AB439B7623800B1000DBB6B2 /* libNano_tvOS.a */,
			);
			name = Products;
			sourceTree = "<group>";
		};
		AB439B7723800B9600DBB6B2 /* Support */ = {
			isa = PBXGroup;
			children = (
				AB439B7823800B9600DBB6B2 /* Xcode */,
			);
			name = Support;
			path = ../Support;
			sourceTree = "<group>";
		};
		AB439B7823800B9600DBB6B2 /* Xcode */ = {
			isa = PBXGroup;
			children = (
				AB439B7923800B9600DBB6B2 /* NanoTest_iOS.xcconfig */,
				AB439B7B23800B9600DBB6B2 /* NanoTest_tvOS.xcconfig */,
				AB439B7C23800B9600DBB6B2 /* NanoTest_macOS.xcconfig */,
				AB439B7A23800B9600DBB6B2 /* NanoTest.xcconfig */,
			);
			path = Xcode;
			sourceTree = "<group>";
		};
		AB481C6D12A539690052C55F /* Network */ = {
			isa = PBXGroup;
			children = (
				ABD6816D167A481B00CB2E04 /* TMessageClient.cpp */,
				ABEB0BFE16760C8A00B74B71 /* TMessageServer.cpp */,
				ABA529CC16626BFA000C695B /* TNetworkBrowser.cpp */,
				AB481C6E12A539690052C55F /* TNetworkManager.cpp */,
				ABD6816F167A481C00CB2E04 /* TNetworkMessage.cpp */,
				ABA529CE16626BFA000C695B /* TNetworkService.cpp */,
				ABFD973C1663951500EE07B7 /* TSocket.cpp */,
				AB481C7012A539690052C55F /* TURLRequest.cpp */,
				AB481C7212A539690052C55F /* TURLResponse.cpp */,
			);
			path = Network;
			sourceTree = "<group>";
		};
		AB5127DF23D0780400528FBE /* Std */ = {
			isa = PBXGroup;
			children = (
				AB5127E123D0780400528FBE /* TStdAlgorithm.cpp */,
				AB5127E923D07FC700528FBE /* TStdContainer.cpp */,
			);
			path = Std;
			sourceTree = "<group>";
		};
		AB514D5E1034184A00E5A6AD /* Nano */ = {
			isa = PBXGroup;
			children = (
				AB514D5F1034184B00E5A6AD /* Application */,
				AB514D681034184B00E5A6AD /* Core */,
				AB514D6B1034184B00E5A6AD /* Database */,
				AB514D701034184B00E5A6AD /* Events */,
				AB514D771034184B00E5A6AD /* Files */,
				AB514E731034612D00E5A6AD /* Graphics */,
				AB481C6D12A539690052C55F /* Network */,
				AB5127DF23D0780400528FBE /* Std */,
				AB514D801034184B00E5A6AD /* System */,
				AB56391223C2A3F600675F68 /* Text */,
				AB514D911034184B00E5A6AD /* Threads */,
				AB0DBE7523999C1700F6AD43 /* Time */,
				AB514D9E1034184B00E5A6AD /* Types */,
				AB514DC31034184B00E5A6AD /* Utilities */,
			);
			path = Nano;
			sourceTree = "<group>";
		};
		AB514D5F1034184B00E5A6AD /* Application */ = {
			isa = PBXGroup;
			children = (
				AB514D601034184B00E5A6AD /* TCommandLine.cpp */,
				AB514D621034184B00E5A6AD /* TPreferences.cpp */,
				AB514D641034184B00E5A6AD /* TUndoManager.cpp */,
				AB514D661034184B00E5A6AD /* TUndoSource.cpp */,
			);
			path = Application;
			sourceTree = "<group>";
		};
		AB514D681034184B00E5A6AD /* Core */ = {
			isa = PBXGroup;
			children = (
				ABBB2B5D23801DBB00EB2840 /* TDebug.cpp */,
				ABBB2B5B23801DBB00EB2840 /* TLog.cpp */,
				ABBB2B5C23801DBB00EB2840 /* TLogOutput.cpp */,
			);
			path = Core;
			sourceTree = "<group>";
		};
		AB514D6B1034184B00E5A6AD /* Database */ = {
			isa = PBXGroup;
			children = (
				AB514D6C1034184B00E5A6AD /* TDBHandle.cpp */,
				AB514D6E1034184B00E5A6AD /* TDBHandlePool.cpp */,
			);
			path = Database;
			sourceTree = "<group>";
		};
		AB514D701034184B00E5A6AD /* Events */ = {
			isa = PBXGroup;
			children = (
				AB514D711034184B00E5A6AD /* TBroadcaster.cpp */,
				AB514D731034184B00E5A6AD /* TListener.cpp */,
				AB514D751034184B00E5A6AD /* TTimer.cpp */,
			);
			path = Events;
			sourceTree = "<group>";
		};
		AB514D771034184B00E5A6AD /* Files */ = {
			isa = PBXGroup;
			children = (
				AB514D781034184B00E5A6AD /* TBundle.cpp */,
				AB514D7A1034184B00E5A6AD /* TFile.cpp */,
				AB14315F103EC576002BD0D1 /* TFileIterator.cpp */,
				AB514D7C1034184B00E5A6AD /* TFileMap.cpp */,
				AB514D7E1034184B00E5A6AD /* TPropertyList.cpp */,
			);
			path = Files;
			sourceTree = "<group>";
		};
		AB514D801034184B00E5A6AD /* System */ = {
			isa = PBXGroup;
			children = (
				AB514D831034184B00E5A6AD /* TByteSwap.cpp */,
				ABED2AF910BBD88C00EA8ECC /* TCache.cpp */,
				ABED2AFB10BBD88C00EA8ECC /* TCacheKey.cpp */,
				ABED2B9110BFE2F000EA8ECC /* TCacheValue.cpp */,
				AB7AAFE8103AC51C004B1F6E /* TDataCipher.cpp */,
				AB514D871034184B00E5A6AD /* TDataCompressor.cpp */,
				AB7AB14A103AE59F004B1F6E /* TDataDigest.cpp */,
				AB8CE2E5104D617100306EDC /* TDataEncoder.cpp */,
				ABD6817D167AB8AA00CB2E04 /* TJSONEncoder.cpp */,
				AB2AAD7D10396310007BC4E6 /* TLocale.cpp */,
				ABC66E7B17411D52005B9357 /* TTask.cpp */,
				AB514D891034184B00E5A6AD /* TUnicodeParser.cpp */,
				AB2AADC81039797F007BC4E6 /* TUTIRegistry.cpp */,
				AB514D8B1034184B00E5A6AD /* TXMLEncoder.cpp */,
				AB514D8D1034184B00E5A6AD /* TXMLNode.cpp */,
				AB514D8F1034184B00E5A6AD /* TXMLParser.cpp */,
			);
			path = System;
			sourceTree = "<group>";
		};
		AB514D911034184B00E5A6AD /* Threads */ = {
			isa = PBXGroup;
			children = (
				AB514D941034184B00E5A6AD /* TAtomicList.cpp */,
				AB514D961034184B00E5A6AD /* TLock.cpp */,
				ABCAFC5717539B3500BAE1A7 /* TMutex.cpp */,
				ABCAFC5917539B3500BAE1A7 /* TReadWriteLock.cpp */,
				AB514D981034184B00E5A6AD /* TSemaphore.cpp */,
				ABCAFC5B17539B3500BAE1A7 /* TSpinLock.cpp */,
				AB514D9A1034184B00E5A6AD /* TThread.cpp */,
				AB514D9C1034184B00E5A6AD /* TThreadPool.cpp */,
			);
			path = Threads;
			sourceTree = "<group>";
		};
		AB514D9E1034184B00E5A6AD /* Types */ = {
			isa = PBXGroup;
			children = (
				AB514D9F1034184B00E5A6AD /* TArray.cpp */,
				AB514DA11034184B00E5A6AD /* TBitVector.cpp */,
				AB514DA51034184B00E5A6AD /* TData.cpp */,
				AB514DA71034184B00E5A6AD /* TDate.cpp */,
				AB514DA91034184B00E5A6AD /* TDateFormatter.cpp */,
				AB514DAB1034184B00E5A6AD /* TDictionary.cpp */,
				AB514DAD1034184B00E5A6AD /* TEncoder.cpp */,
				ABA7247223F8415E00CF6EC2 /* TMixinAppendable.cpp */,
				ABF5130C2397B193001F9F8B /* TMixinAttributes.cpp */,
				ABF513102397C3FB001F9F8B /* TMixinComparable.cpp */,
				ABF513112397C3FB001F9F8B /* TMixinContainer.cpp */,
				ABF513122397C3FB001F9F8B /* TMixinHashable.cpp */,
				AB514DB11034184B00E5A6AD /* TNumber.cpp */,
				AB514F7A1035788600E5A6AD /* TPropertyStore.cpp */,
				AB514DB51034184B00E5A6AD /* TRange.cpp */,
				ABB57D14112ADC21003D714C /* TSingleton.cpp */,
				AB481C7B12A539830052C55F /* TURL.cpp */,
				AB2AAC761035B65D007BC4E6 /* TUTI.cpp */,
				AB514DC11034184B00E5A6AD /* TVariant.cpp */,
			);
			path = Types;
			sourceTree = "<group>";
		};
		AB514DC31034184B00E5A6AD /* Utilities */ = {
			isa = PBXGroup;
			children = (
				AB514DC41034184B00E5A6AD /* TFileUtilities.cpp */,
				AB1BA2A3105016AF00BB002B /* TGeometryUtilities.cpp */,
				AB514DC61034184B00E5A6AD /* TMathUtilities.cpp */,
				AB514DCA1034184B00E5A6AD /* TSystemUtilities.cpp */,
				AB514DCC1034184B00E5A6AD /* TTextUtilities.cpp */,
				AB514DCE1034184B00E5A6AD /* TThreadUtilities.cpp */,
			);
			path = Utilities;
			sourceTree = "<group>";
		};
		AB514DD21034184B00E5A6AD /* Nanites */ = {
			isa = PBXGroup;
			children = (
				AB514DD31034184B00E5A6AD /* Cocoa */,
				AB514DD61034184B00E5A6AD /* CoreFoundation */,
				ABCFE3941773A09C0054EEA3 /* CoreGraphics */,
			);
			path = Nanites;
			sourceTree = "<group>";
		};
		AB514DD31034184B00E5A6AD /* Cocoa */ = {
			isa = PBXGroup;
			children = (
				ABE96256103B00A300029708 /* TNSAutoReleasePool.mm */,
				AB514DD51034184B00E5A6AD /* TNSSingleton.mm */,
			);
			path = Cocoa;
			sourceTree = "<group>";
		};
		AB514DD61034184B00E5A6AD /* CoreFoundation */ = {
			isa = PBXGroup;
			children = (
				AB514DD71034184B00E5A6AD /* TCFArray.cpp */,
				AB514DD91034184B00E5A6AD /* TCFData.cpp */,
				AB514DDB1034184B00E5A6AD /* TCFDate.cpp */,
				AB514DDD1034184B00E5A6AD /* TCFDictionary.cpp */,
				AB514DDF1034184B00E5A6AD /* TCFNumber.cpp */,
				AB514DE11034184B00E5A6AD /* TCFObject.cpp */,
				AB514DE31034184B00E5A6AD /* TCFString.cpp */,
				ABB6782E12AE56EF0077D64E /* TCFURL.cpp */,
			);
			path = CoreFoundation;
			sourceTree = "<group>";
		};
		AB514E731034612D00E5A6AD /* Graphics */ = {
			isa = PBXGroup;
			children = (
				AB14320D103F512C002BD0D1 /* TColor.cpp */,
				ABB4E03F1767BA6800892A75 /* TImage.cpp */,
				AB514E741034612D00E5A6AD /* TPoint.cpp */,
				AB514E761034612D00E5A6AD /* TRectangle.cpp */,
				AB3326D11046C9B100C8DF0A /* TShape.cpp */,
				AB514E781034612D00E5A6AD /* TSize.cpp */,
				AB1BA195104E7D1400BB002B /* TTransform.cpp */,
				AB514EBC1034654800E5A6AD /* TVector.cpp */,
			);
			path = Graphics;
			sourceTree = "<group>";
		};
		AB56391223C2A3F600675F68 /* Text */ = {
			isa = PBXGroup;
			children = (
				AB56391423C2A3F600675F68 /* TString.cpp */,
				AB54F9B023EF14CE005207BC /* TStringComparator.cpp */,
				AB56392123C2A54C00675F68 /* TStringEncoder.cpp */,
				AB09E1C4240D5F49001FCBFC /* TStringFormatter.cpp */,
				AB1B4D9823F024FE00B304D3 /* TStringScanner.cpp */,
				AB1B4DA923F2F92A00B304D3 /* TStringTransformer.cpp */,
				AB54F9A723EE4503005207BC /* TTextUtils.cpp */,
				AB56393523C75C1A00675F68 /* TUnicodeView.cpp */,
			);
			path = Text;
			sourceTree = "<group>";
		};
		AB5B29DB09CAD8B7008C593C /* Projects */ = {
			isa = PBXGroup;
			children = (
				AB439B6B23800B1000DBB6B2 /* Nano.xcodeproj */,
			);
			name = Projects;
			sourceTree = "<group>";
		};
		AB9155DC0F9B4F37009FFEAF /* Source */ = {
			isa = PBXGroup;
			children = (
				ABEC885B0FC73DD7003B7166 /* CTestListener.cpp */,
				ABEC885C0FC73DD7003B7166 /* CTestListener.h */,
				AB9155DD0F9B4F37009FFEAF /* CTestUtilities.cpp */,
				AB9155DE0F9B4F37009FFEAF /* CTestUtilities.h */,
				AB9156350F9B4F37009FFEAF /* NanoTest.cpp */,
				AB328C8217612CBF00782F40 /* Internal */,
				AB514DD21034184B00E5A6AD /* Nanites */,
				AB514D5E1034184A00E5A6AD /* Nano */,
			);
			name = Source;
			path = ../Source;
			sourceTree = SOURCE_ROOT;
		};
		ABCFE3941773A09C0054EEA3 /* CoreGraphics */ = {
			isa = PBXGroup;
			children = (
				ABCFE3951773A09C0054EEA3 /* TCGColor.cpp */,
				ABCFE3961773A09C0054EEA3 /* TCGContext.cpp */,
				ABCFE3971773A09C0054EEA3 /* TCGImage.cpp */,
				ABCFE3981773A09C0054EEA3 /* TCGShading.cpp */,
				ABCFE3991773A09C0054EEA3 /* TCoreGraphics.cpp */,
			);
			path = CoreGraphics;
			sourceTree = "<group>";
		};
/* End PBXGroup section */

/* Begin PBXNativeTarget section */
		8D0C4E890486CD37000505A6 /* NanoTest_macOS */ = {
			isa = PBXNativeTarget;
			buildConfigurationList = C0E91AC508A95435008D54AB /* Build configuration list for PBXNativeTarget "NanoTest_macOS" */;
			buildPhases = (
				8D0C4E8F0486CD37000505A6 /* Sources */,
				8D0C4E910486CD37000505A6 /* Frameworks */,
			);
			buildRules = (
			);
			dependencies = (
				ABBB2B7123806EF200EB2840 /* PBXTargetDependency */,
			);
			name = NanoTest_macOS;
			productInstallPath = "$(HOME)/Applications";
			productName = NanoTest;
			productReference = 8D0C4E970486CD37000505A6 /* NanoTest_macOS */;
			productType = "com.apple.product-type.tool";
		};
		AB439B7D23800C0100DBB6B2 /* NanoTest_iOS */ = {
			isa = PBXNativeTarget;
			buildConfigurationList = AB439BE923800C0100DBB6B2 /* Build configuration list for PBXNativeTarget "NanoTest_iOS" */;
			buildPhases = (
				AB439B7E23800C0100DBB6B2 /* Sources */,
				AB439BE523800C0100DBB6B2 /* Frameworks */,
			);
			buildRules = (
			);
			dependencies = (
				ABBB2B7323806EF500EB2840 /* PBXTargetDependency */,
			);
			name = NanoTest_iOS;
			productInstallPath = "$(HOME)/Applications";
			productName = NanoTest;
			productReference = AB439BEC23800C0100DBB6B2 /* NanoTest_iOS */;
			productType = "com.apple.product-type.tool";
		};
		AB439BED23800C0600DBB6B2 /* NanoTest_tvOS */ = {
			isa = PBXNativeTarget;
			buildConfigurationList = AB439C5923800C0600DBB6B2 /* Build configuration list for PBXNativeTarget "NanoTest_tvOS" */;
			buildPhases = (
				AB439BEE23800C0600DBB6B2 /* Sources */,
				AB439C5523800C0600DBB6B2 /* Frameworks */,
			);
			buildRules = (
			);
			dependencies = (
				ABBB2B6C23806EED00EB2840 /* PBXTargetDependency */,
			);
			name = NanoTest_tvOS;
			productInstallPath = "$(HOME)/Applications";
			productName = NanoTest;
			productReference = AB439C5C23800C0600DBB6B2 /* NanoTest_tvOS */;
			productType = "com.apple.product-type.tool";
		};
/* End PBXNativeTarget section */

/* Begin PBXProject section */
		20286C28FDCF999611CA2CEA /* Project object */ = {
			isa = PBXProject;
			attributes = {
				LastUpgradeCheck = 0430;
			};
			buildConfigurationList = C0E91AC908A95435008D54AB /* Build configuration list for PBXProject "NanoTest" */;
			compatibilityVersion = "Xcode 3.2";
			developmentRegion = English;
			hasScannedForEncodings = 1;
			knownRegions = (
				English,
				Japanese,
				French,
				German,
			);
			mainGroup = 20286C29FDCF999611CA2CEA /* NanoTest */;
			projectDirPath = "";
			projectReferences = (
				{
					ProductGroup = AB439B6C23800B1000DBB6B2 /* Products */;
					ProjectRef = AB439B6B23800B1000DBB6B2 /* Nano.xcodeproj */;
				},
			);
			projectRoot = ..;
			targets = (
				AB439B7D23800C0100DBB6B2 /* NanoTest_iOS */,
				8D0C4E890486CD37000505A6 /* NanoTest_macOS */,
				AB439BED23800C0600DBB6B2 /* NanoTest_tvOS */,
			);
		};
/* End PBXProject section */

/* Begin PBXReferenceProxy section */
		AB439B7223800B1000DBB6B2 /* libNano_iOS.a */ = {
			isa = PBXReferenceProxy;
			fileType = archive.ar;
			path = libNano_iOS.a;
			remoteRef = AB439B7123800B1000DBB6B2 /* PBXContainerItemProxy */;
			sourceTree = BUILT_PRODUCTS_DIR;
		};
		AB439B7423800B1000DBB6B2 /* libNano_macOS.a */ = {
			isa = PBXReferenceProxy;
			fileType = archive.ar;
			path = libNano_macOS.a;
			remoteRef = AB439B7323800B1000DBB6B2 /* PBXContainerItemProxy */;
			sourceTree = BUILT_PRODUCTS_DIR;
		};
		AB439B7623800B1000DBB6B2 /* libNano_tvOS.a */ = {
			isa = PBXReferenceProxy;
			fileType = archive.ar;
			path = libNano_tvOS.a;
			remoteRef = AB439B7523800B1000DBB6B2 /* PBXContainerItemProxy */;
			sourceTree = BUILT_PRODUCTS_DIR;
		};
/* End PBXReferenceProxy section */

/* Begin PBXSourcesBuildPhase section */
		8D0C4E8F0486CD37000505A6 /* Sources */ = {
			isa = PBXSourcesBuildPhase;
			buildActionMask = 2147483647;
			files = (
				AB1B4D9A23F024FE00B304D3 /* TStringScanner.cpp in Sources */,
				AB5127EB23D07FC700528FBE /* TStdContainer.cpp in Sources */,
				AB5127E623D0780400528FBE /* TStdAlgorithm.cpp in Sources */,
				ABBB2B5F23801DBB00EB2840 /* TLog.cpp in Sources */,
				ABBB2B6223801DBB00EB2840 /* TLogOutput.cpp in Sources */,
				AB91565D0F9B4F37009FFEAF /* NanoTest.cpp in Sources */,
				AB56391923C2A3F600675F68 /* TString.cpp in Sources */,
				ABB3379A23A04E09000B81B0 /* TMutex.cpp in Sources */,
				ABBB2B6523801DBB00EB2840 /* TDebug.cpp in Sources */,
				ABF5130E2397B193001F9F8B /* TMixinAttributes.cpp in Sources */,
				ABA7247423F8415E00CF6EC2 /* TMixinAppendable.cpp in Sources */,
				ABF513142397C3FB001F9F8B /* TMixinComparable.cpp in Sources */,
				AB56392A23C69CF800675F68 /* TByteSwap.cpp in Sources */,
				AB1B4DAB23F2F92A00B304D3 /* TStringTransformer.cpp in Sources */,
				AB54F9A923EE4503005207BC /* TTextUtils.cpp in Sources */,
				AB07EA42239A55CE00E0AC49 /* TSemaphore.cpp in Sources */,
				AB0DBE7D2399A14F00F6AD43 /* TSpinLock.cpp in Sources */,
				AB29121A2383771700509C66 /* TData.cpp in Sources */,
				AB54F9B223EF14CF005207BC /* TStringComparator.cpp in Sources */,
				ABF513172397C3FB001F9F8B /* TMixinContainer.cpp in Sources */,
				AB09E1C6240D5F49001FCBFC /* TStringFormatter.cpp in Sources */,
				ABF5131A2397C3FB001F9F8B /* TMixinHashable.cpp in Sources */,
				ABBB2B75238092C800EB2840 /* TRange.cpp in Sources */,
				AB56393723C75C1A00675F68 /* TUnicodeView.cpp in Sources */,
				AB56392323C2A54C00675F68 /* TStringEncoder.cpp in Sources */,
				AB0DBE7823999C1800F6AD43 /* TTimeUtils.cpp in Sources */,
			);
			runOnlyForDeploymentPostprocessing = 0;
		};
		AB439B7E23800C0100DBB6B2 /* Sources */ = {
			isa = PBXSourcesBuildPhase;
			buildActionMask = 2147483647;
			files = (
				AB1B4D9923F024FE00B304D3 /* TStringScanner.cpp in Sources */,
				AB5127EA23D07FC700528FBE /* TStdContainer.cpp in Sources */,
				AB5127E523D0780400528FBE /* TStdAlgorithm.cpp in Sources */,
				AB439B8123800C0100DBB6B2 /* NanoTest.cpp in Sources */,
				ABBB2B5E23801DBB00EB2840 /* TLog.cpp in Sources */,
				ABBB2B6423801DBB00EB2840 /* TDebug.cpp in Sources */,
				AB56391823C2A3F600675F68 /* TString.cpp in Sources */,
				ABB3379B23A04E0A000B81B0 /* TMutex.cpp in Sources */,
				ABBB2B6123801DBB00EB2840 /* TLogOutput.cpp in Sources */,
				ABF5130D2397B193001F9F8B /* TMixinAttributes.cpp in Sources */,
				ABA7247323F8415E00CF6EC2 /* TMixinAppendable.cpp in Sources */,
				ABF513132397C3FB001F9F8B /* TMixinComparable.cpp in Sources */,
				AB56392B23C69CF800675F68 /* TByteSwap.cpp in Sources */,
				AB1B4DAA23F2F92A00B304D3 /* TStringTransformer.cpp in Sources */,
				AB54F9A823EE4503005207BC /* TTextUtils.cpp in Sources */,
				AB07EA43239A55CE00E0AC49 /* TSemaphore.cpp in Sources */,
				AB0DBE7E2399A15000F6AD43 /* TSpinLock.cpp in Sources */,
				AB2912192383771600509C66 /* TData.cpp in Sources */,
				AB54F9B123EF14CF005207BC /* TStringComparator.cpp in Sources */,
				ABF513162397C3FB001F9F8B /* TMixinContainer.cpp in Sources */,
				AB09E1C5240D5F49001FCBFC /* TStringFormatter.cpp in Sources */,
				ABF513192397C3FB001F9F8B /* TMixinHashable.cpp in Sources */,
				ABBB2B76238092C800EB2840 /* TRange.cpp in Sources */,
				AB56393623C75C1A00675F68 /* TUnicodeView.cpp in Sources */,
				AB56392223C2A54C00675F68 /* TStringEncoder.cpp in Sources */,
				AB0DBE7723999C1800F6AD43 /* TTimeUtils.cpp in Sources */,
			);
			runOnlyForDeploymentPostprocessing = 0;
		};
		AB439BEE23800C0600DBB6B2 /* Sources */ = {
			isa = PBXSourcesBuildPhase;
			buildActionMask = 2147483647;
			files = (
				AB1B4D9B23F024FE00B304D3 /* TStringScanner.cpp in Sources */,
				AB5127EC23D07FC700528FBE /* TStdContainer.cpp in Sources */,
				AB5127E723D0780400528FBE /* TStdAlgorithm.cpp in Sources */,
				AB439BF123800C0600DBB6B2 /* NanoTest.cpp in Sources */,
				ABBB2B6023801DBB00EB2840 /* TLog.cpp in Sources */,
				ABBB2B6623801DBB00EB2840 /* TDebug.cpp in Sources */,
				AB56391A23C2A3F600675F68 /* TString.cpp in Sources */,
				ABB3379C23A04E0A000B81B0 /* TMutex.cpp in Sources */,
				ABBB2B6323801DBB00EB2840 /* TLogOutput.cpp in Sources */,
				ABF5130F2397B193001F9F8B /* TMixinAttributes.cpp in Sources */,
				ABA7247523F8415E00CF6EC2 /* TMixinAppendable.cpp in Sources */,
				ABF513152397C3FB001F9F8B /* TMixinComparable.cpp in Sources */,
				AB56392923C69CF800675F68 /* TByteSwap.cpp in Sources */,
				AB1B4DAC23F2F92A00B304D3 /* TStringTransformer.cpp in Sources */,
				AB54F9AA23EE4503005207BC /* TTextUtils.cpp in Sources */,
				AB07EA41239A55CE00E0AC49 /* TSemaphore.cpp in Sources */,
				AB0DBE7C2399A14F00F6AD43 /* TSpinLock.cpp in Sources */,
				AB29121B2383771700509C66 /* TData.cpp in Sources */,
				AB54F9B323EF14CF005207BC /* TStringComparator.cpp in Sources */,
				ABF513182397C3FB001F9F8B /* TMixinContainer.cpp in Sources */,
				AB09E1C7240D5F49001FCBFC /* TStringFormatter.cpp in Sources */,
				ABF5131B2397C3FB001F9F8B /* TMixinHashable.cpp in Sources */,
				ABBB2B74238092C700EB2840 /* TRange.cpp in Sources */,
				AB56393823C75C1A00675F68 /* TUnicodeView.cpp in Sources */,
				AB56392423C2A54C00675F68 /* TStringEncoder.cpp in Sources */,
				AB0DBE7923999C1800F6AD43 /* TTimeUtils.cpp in Sources */,
			);
			runOnlyForDeploymentPostprocessing = 0;
		};
/* End PBXSourcesBuildPhase section */

/* Begin PBXTargetDependency section */
		ABBB2B6C23806EED00EB2840 /* PBXTargetDependency */ = {
			isa = PBXTargetDependency;
			name = Nano_tvOS;
			targetProxy = ABBB2B6B23806EED00EB2840 /* PBXContainerItemProxy */;
		};
		ABBB2B7123806EF200EB2840 /* PBXTargetDependency */ = {
			isa = PBXTargetDependency;
			name = Nano_macOS;
			targetProxy = ABBB2B7023806EF200EB2840 /* PBXContainerItemProxy */;
		};
		ABBB2B7323806EF500EB2840 /* PBXTargetDependency */ = {
			isa = PBXTargetDependency;
			name = Nano_iOS;
			targetProxy = ABBB2B7223806EF500EB2840 /* PBXContainerItemProxy */;
		};
/* End PBXTargetDependency section */

/* Begin XCBuildConfiguration section */
		AB439BEA23800C0100DBB6B2 /* Debug */ = {
			isa = XCBuildConfiguration;
			baseConfigurationReference = AB439B7923800B9600DBB6B2 /* NanoTest_iOS.xcconfig */;
			buildSettings = {
				PRODUCT_NAME = "$(TARGET_NAME)";
			};
			name = Debug;
		};
		AB439BEB23800C0100DBB6B2 /* Release */ = {
			isa = XCBuildConfiguration;
			baseConfigurationReference = AB439B7923800B9600DBB6B2 /* NanoTest_iOS.xcconfig */;
			buildSettings = {
				PRODUCT_NAME = "$(TARGET_NAME)";
			};
			name = Release;
		};
		AB439C5A23800C0600DBB6B2 /* Debug */ = {
			isa = XCBuildConfiguration;
			baseConfigurationReference = AB439B7B23800B9600DBB6B2 /* NanoTest_tvOS.xcconfig */;
			buildSettings = {
				PRODUCT_NAME = "$(TARGET_NAME)";
			};
			name = Debug;
		};
		AB439C5B23800C0600DBB6B2 /* Release */ = {
			isa = XCBuildConfiguration;
			baseConfigurationReference = AB439B7B23800B9600DBB6B2 /* NanoTest_tvOS.xcconfig */;
			buildSettings = {
				PRODUCT_NAME = "$(TARGET_NAME)";
			};
			name = Release;
		};
		C0E91AC608A95435008D54AB /* Debug */ = {
			isa = XCBuildConfiguration;
			baseConfigurationReference = AB439B7C23800B9600DBB6B2 /* NanoTest_macOS.xcconfig */;
			buildSettings = {
			};
			name = Debug;
		};
		C0E91AC708A95435008D54AB /* Release */ = {
			isa = XCBuildConfiguration;
			baseConfigurationReference = AB439B7C23800B9600DBB6B2 /* NanoTest_macOS.xcconfig */;
			buildSettings = {
			};
			name = Release;
		};
		C0E91ACA08A95435008D54AB /* Debug */ = {
			isa = XCBuildConfiguration;
			buildSettings = {
			};
			name = Debug;
		};
		C0E91ACB08A95435008D54AB /* Release */ = {
			isa = XCBuildConfiguration;
			buildSettings = {
			};
			name = Release;
		};
/* End XCBuildConfiguration section */

/* Begin XCConfigurationList section */
		AB439BE923800C0100DBB6B2 /* Build configuration list for PBXNativeTarget "NanoTest_iOS" */ = {
			isa = XCConfigurationList;
			buildConfigurations = (
				AB439BEA23800C0100DBB6B2 /* Debug */,
				AB439BEB23800C0100DBB6B2 /* Release */,
			);
			defaultConfigurationIsVisible = 0;
			defaultConfigurationName = Debug;
		};
		AB439C5923800C0600DBB6B2 /* Build configuration list for PBXNativeTarget "NanoTest_tvOS" */ = {
			isa = XCConfigurationList;
			buildConfigurations = (
				AB439C5A23800C0600DBB6B2 /* Debug */,
				AB439C5B23800C0600DBB6B2 /* Release */,
			);
			defaultConfigurationIsVisible = 0;
			defaultConfigurationName = Debug;
		};
		C0E91AC508A95435008D54AB /* Build configuration list for PBXNativeTarget "NanoTest_macOS" */ = {
			isa = XCConfigurationList;
			buildConfigurations = (
				C0E91AC608A95435008D54AB /* Debug */,
				C0E91AC708A95435008D54AB /* Release */,
			);
			defaultConfigurationIsVisible = 0;
			defaultConfigurationName = Debug;
		};
		C0E91AC908A95435008D54AB /* Build configuration list for PBXProject "NanoTest" */ = {
			isa = XCConfigurationList;
			buildConfigurations = (
				C0E91ACA08A95435008D54AB /* Debug */,
				C0E91ACB08A95435008D54AB /* Release */,
			);
			defaultConfigurationIsVisible = 0;
			defaultConfigurationName = Debug;
		};
/* End XCConfigurationList section */
	};
	rootObject = 20286C28FDCF999611CA2CEA /* Project object */;
}
