// !$*UTF8*$!
{
	archiveVersion = 1;
	classes = {
	};
	objectVersion = 45;
	objects = {

/* Begin PBXBuildFile section */
		8D0C4E920486CD37000505A6 /* Carbon.framework in Frameworks */ = {isa = PBXBuildFile; fileRef = 20286C33FDCF999611CA2CEA /* Carbon.framework */; };
		AB1F63200FF9095300A0AE35 /* TXMLEncoder.cpp in Sources */ = {isa = PBXBuildFile; fileRef = AB1F631F0FF9095300A0AE35 /* TXMLEncoder.cpp */; };
		AB35B33110011228009B75EF /* TTextUtilities.cpp in Sources */ = {isa = PBXBuildFile; fileRef = AB35B33010011228009B75EF /* TTextUtilities.cpp */; };
		AB6E7E3709F9052300F73093 /* Cocoa.framework in Frameworks */ = {isa = PBXBuildFile; fileRef = AB6E7E3609F9052300F73093 /* Cocoa.framework */; };
		AB9156360F9B4F37009FFEAF /* CTestUtilities.cpp in Sources */ = {isa = PBXBuildFile; fileRef = AB9155DD0F9B4F37009FFEAF /* CTestUtilities.cpp */; };
		AB9156370F9B4F37009FFEAF /* TCommandLine.cpp in Sources */ = {isa = PBXBuildFile; fileRef = AB9155E20F9B4F37009FFEAF /* TCommandLine.cpp */; };
		AB9156380F9B4F37009FFEAF /* TDebug.cpp in Sources */ = {isa = PBXBuildFile; fileRef = AB9155E50F9B4F37009FFEAF /* TDebug.cpp */; };
		AB9156390F9B4F37009FFEAF /* TBroadcaster.cpp in Sources */ = {isa = PBXBuildFile; fileRef = AB9155E80F9B4F37009FFEAF /* TBroadcaster.cpp */; };
		AB91563A0F9B4F37009FFEAF /* TListener.cpp in Sources */ = {isa = PBXBuildFile; fileRef = AB9155EA0F9B4F37009FFEAF /* TListener.cpp */; };
		AB91563B0F9B4F37009FFEAF /* TByteSwap.cpp in Sources */ = {isa = PBXBuildFile; fileRef = AB9155ED0F9B4F37009FFEAF /* TByteSwap.cpp */; };
		AB91563C0F9B4F37009FFEAF /* TChecksum.cpp in Sources */ = {isa = PBXBuildFile; fileRef = AB9155EF0F9B4F37009FFEAF /* TChecksum.cpp */; };
		AB91563D0F9B4F37009FFEAF /* TUnicodeParser.cpp in Sources */ = {isa = PBXBuildFile; fileRef = AB9155F10F9B4F37009FFEAF /* TUnicodeParser.cpp */; };
		AB9156450F9B4F37009FFEAF /* TAtomicInt.cpp in Sources */ = {isa = PBXBuildFile; fileRef = AB9156030F9B4F37009FFEAF /* TAtomicInt.cpp */; };
		AB9156460F9B4F37009FFEAF /* TLock.cpp in Sources */ = {isa = PBXBuildFile; fileRef = AB9156050F9B4F37009FFEAF /* TLock.cpp */; };
		AB9156470F9B4F37009FFEAF /* TArray.cpp in Sources */ = {isa = PBXBuildFile; fileRef = AB9156080F9B4F37009FFEAF /* TArray.cpp */; };
		AB9156480F9B4F37009FFEAF /* TBitVector.cpp in Sources */ = {isa = PBXBuildFile; fileRef = AB91560A0F9B4F37009FFEAF /* TBitVector.cpp */; };
		AB9156490F9B4F37009FFEAF /* TColor.cpp in Sources */ = {isa = PBXBuildFile; fileRef = AB91560C0F9B4F37009FFEAF /* TColor.cpp */; };
		AB91564A0F9B4F37009FFEAF /* TData.cpp in Sources */ = {isa = PBXBuildFile; fileRef = AB91560E0F9B4F37009FFEAF /* TData.cpp */; };
		AB91564B0F9B4F37009FFEAF /* TDate.cpp in Sources */ = {isa = PBXBuildFile; fileRef = AB9156100F9B4F37009FFEAF /* TDate.cpp */; };
		AB91564C0F9B4F37009FFEAF /* TDictionary.cpp in Sources */ = {isa = PBXBuildFile; fileRef = AB9156120F9B4F37009FFEAF /* TDictionary.cpp */; };
		AB91564E0F9B4F37009FFEAF /* TNumber.cpp in Sources */ = {isa = PBXBuildFile; fileRef = AB9156160F9B4F37009FFEAF /* TNumber.cpp */; };
		AB91564F0F9B4F37009FFEAF /* TPoint.cpp in Sources */ = {isa = PBXBuildFile; fileRef = AB9156180F9B4F37009FFEAF /* TPoint.cpp */; };
		AB9156500F9B4F37009FFEAF /* TRange.cpp in Sources */ = {isa = PBXBuildFile; fileRef = AB91561A0F9B4F37009FFEAF /* TRange.cpp */; };
		AB9156510F9B4F37009FFEAF /* TRectangle.cpp in Sources */ = {isa = PBXBuildFile; fileRef = AB91561C0F9B4F37009FFEAF /* TRectangle.cpp */; };
		AB9156520F9B4F37009FFEAF /* TSize.cpp in Sources */ = {isa = PBXBuildFile; fileRef = AB91561E0F9B4F37009FFEAF /* TSize.cpp */; };
		AB9156530F9B4F37009FFEAF /* TString.cpp in Sources */ = {isa = PBXBuildFile; fileRef = AB9156200F9B4F37009FFEAF /* TString.cpp */; };
		AB9156540F9B4F37009FFEAF /* TStringEncoder.cpp in Sources */ = {isa = PBXBuildFile; fileRef = AB9156220F9B4F37009FFEAF /* TStringEncoder.cpp */; };
		AB9156550F9B4F37009FFEAF /* TStringFormatter.cpp in Sources */ = {isa = PBXBuildFile; fileRef = AB9156240F9B4F37009FFEAF /* TStringFormatter.cpp */; };
		AB9156560F9B4F37009FFEAF /* TVariant.cpp in Sources */ = {isa = PBXBuildFile; fileRef = AB9156260F9B4F37009FFEAF /* TVariant.cpp */; };
		AB9156570F9B4F37009FFEAF /* TFileUtilities.cpp in Sources */ = {isa = PBXBuildFile; fileRef = AB9156290F9B4F37009FFEAF /* TFileUtilities.cpp */; };
		AB9156580F9B4F37009FFEAF /* TMathUtilities.cpp in Sources */ = {isa = PBXBuildFile; fileRef = AB91562B0F9B4F37009FFEAF /* TMathUtilities.cpp */; };
		AB9156590F9B4F37009FFEAF /* TSTLUtilities.cpp in Sources */ = {isa = PBXBuildFile; fileRef = AB91562D0F9B4F37009FFEAF /* TSTLUtilities.cpp */; };
		AB91565A0F9B4F37009FFEAF /* TSystemUtilities.cpp in Sources */ = {isa = PBXBuildFile; fileRef = AB91562F0F9B4F37009FFEAF /* TSystemUtilities.cpp */; };
		AB91565B0F9B4F37009FFEAF /* TThreadUtilities.cpp in Sources */ = {isa = PBXBuildFile; fileRef = AB9156310F9B4F37009FFEAF /* TThreadUtilities.cpp */; };
		AB91565C0F9B4F37009FFEAF /* TTimeUtilities.cpp in Sources */ = {isa = PBXBuildFile; fileRef = AB9156330F9B4F37009FFEAF /* TTimeUtilities.cpp */; };
		AB91565D0F9B4F37009FFEAF /* NanoTest.cpp in Sources */ = {isa = PBXBuildFile; fileRef = AB9156350F9B4F37009FFEAF /* NanoTest.cpp */; };
		AB9156900F9B5383009FFEAF /* TCFObject.cpp in Sources */ = {isa = PBXBuildFile; fileRef = AB91568C0F9B5383009FFEAF /* TCFObject.cpp */; };
		AB9156910F9B5383009FFEAF /* TCFString.cpp in Sources */ = {isa = PBXBuildFile; fileRef = AB91568E0F9B5383009FFEAF /* TCFString.cpp */; };
		ABB145580FF2C53D006F178C /* TPreferences.cpp in Sources */ = {isa = PBXBuildFile; fileRef = ABB145540FF2C53D006F178C /* TPreferences.cpp */; };
		ABB145B30FF369B7006F178C /* TBundle.cpp in Sources */ = {isa = PBXBuildFile; fileRef = ABB145B10FF369B7006F178C /* TBundle.cpp */; };
		ABB145B40FF369B7006F178C /* TPropertyList.cpp in Sources */ = {isa = PBXBuildFile; fileRef = ABB145B20FF369B7006F178C /* TPropertyList.cpp */; };
		ABB145BB0FF369C7006F178C /* TXMLParser.cpp in Sources */ = {isa = PBXBuildFile; fileRef = ABB145B80FF369C7006F178C /* TXMLParser.cpp */; };
		ABB145BC0FF369C7006F178C /* TXMLNode.cpp in Sources */ = {isa = PBXBuildFile; fileRef = ABB145B90FF369C7006F178C /* TXMLNode.cpp */; };
		ABB95BB00FB726A500C5A7FF /* TFile.cpp in Sources */ = {isa = PBXBuildFile; fileRef = ABB95BAE0FB726A500C5A7FF /* TFile.cpp */; };
		ABE0709409FBBC820031D3D1 /* libNano.a in Frameworks */ = {isa = PBXBuildFile; fileRef = ABE0709009FBBC7A0031D3D1 /* libNano.a */; };
		ABEC870C0FC5AF1E003B7166 /* TFunctor.cpp in Sources */ = {isa = PBXBuildFile; fileRef = ABEC870B0FC5AF1E003B7166 /* TFunctor.cpp */; };
		ABEC885D0FC73DD7003B7166 /* CTestListener.cpp in Sources */ = {isa = PBXBuildFile; fileRef = ABEC885B0FC73DD7003B7166 /* CTestListener.cpp */; };
/* End PBXBuildFile section */

/* Begin PBXContainerItemProxy section */
		ABE0708F09FBBC7A0031D3D1 /* PBXContainerItemProxy */ = {
			isa = PBXContainerItemProxy;
			containerPortal = AB5B29DF09CAD8E4008C593C /* Nano.xcodeproj */;
			proxyType = 2;
			remoteGlobalIDString = D2AAC06F0554671400DB518D;
			remoteInfo = Nano;
		};
		ABE0709509FBBC890031D3D1 /* PBXContainerItemProxy */ = {
			isa = PBXContainerItemProxy;
			containerPortal = AB5B29DF09CAD8E4008C593C /* Nano.xcodeproj */;
			proxyType = 1;
			remoteGlobalIDString = D2AAC06E0554671400DB518D;
			remoteInfo = Nano;
		};
		ABF81BD60FB5F9D50040A020 /* PBXContainerItemProxy */ = {
			isa = PBXContainerItemProxy;
			containerPortal = AB5B29DF09CAD8E4008C593C /* Nano.xcodeproj */;
			proxyType = 2;
			remoteGlobalIDString = AB28FBDD0FB5D36300F72C61;
			remoteInfo = iPhone;
		};
/* End PBXContainerItemProxy section */

/* Begin PBXFileReference section */
		20286C33FDCF999611CA2CEA /* Carbon.framework */ = {isa = PBXFileReference; lastKnownFileType = wrapper.framework; name = Carbon.framework; path = /System/Library/Frameworks/Carbon.framework; sourceTree = "<absolute>"; };
		8D0C4E970486CD37000505A6 /* NanoTest.app */ = {isa = PBXFileReference; explicitFileType = wrapper.application; includeInIndex = 0; path = NanoTest.app; sourceTree = BUILT_PRODUCTS_DIR; };
		AB1F631E0FF9095300A0AE35 /* TXMLEncoder.h */ = {isa = PBXFileReference; fileEncoding = 4; lastKnownFileType = sourcecode.c.h; path = TXMLEncoder.h; sourceTree = "<group>"; };
		AB1F631F0FF9095300A0AE35 /* TXMLEncoder.cpp */ = {isa = PBXFileReference; fileEncoding = 4; lastKnownFileType = sourcecode.cpp.cpp; path = TXMLEncoder.cpp; sourceTree = "<group>"; };
		AB35B32F10011228009B75EF /* TTextUtilities.h */ = {isa = PBXFileReference; fileEncoding = 4; lastKnownFileType = sourcecode.c.h; path = TTextUtilities.h; sourceTree = "<group>"; };
		AB35B33010011228009B75EF /* TTextUtilities.cpp */ = {isa = PBXFileReference; fileEncoding = 4; lastKnownFileType = sourcecode.cpp.cpp; path = TTextUtilities.cpp; sourceTree = "<group>"; };
		AB5B29AA09CAD85D008C593C /* NanoDebug.xcconfig */ = {isa = PBXFileReference; fileEncoding = 30; lastKnownFileType = text.xcconfig; path = NanoDebug.xcconfig; sourceTree = "<group>"; };
		AB5B29AB09CAD85D008C593C /* NanoRelease.xcconfig */ = {isa = PBXFileReference; fileEncoding = 30; lastKnownFileType = text.xcconfig; path = NanoRelease.xcconfig; sourceTree = "<group>"; };
		AB5B29DF09CAD8E4008C593C /* Nano.xcodeproj */ = {isa = PBXFileReference; lastKnownFileType = "wrapper.pb-project"; name = Nano.xcodeproj; path = ../../../Library/Project/Nano.xcodeproj; sourceTree = SOURCE_ROOT; };
		AB6E7E3609F9052300F73093 /* Cocoa.framework */ = {isa = PBXFileReference; lastKnownFileType = wrapper.framework; name = Cocoa.framework; path = /System/Library/Frameworks/Cocoa.framework; sourceTree = "<absolute>"; };
		AB9155DD0F9B4F37009FFEAF /* CTestUtilities.cpp */ = {isa = PBXFileReference; fileEncoding = 4; lastKnownFileType = sourcecode.cpp.cpp; path = CTestUtilities.cpp; sourceTree = "<group>"; };
		AB9155DE0F9B4F37009FFEAF /* CTestUtilities.h */ = {isa = PBXFileReference; fileEncoding = 4; lastKnownFileType = sourcecode.c.h; path = CTestUtilities.h; sourceTree = "<group>"; };
		AB9155E20F9B4F37009FFEAF /* TCommandLine.cpp */ = {isa = PBXFileReference; fileEncoding = 4; lastKnownFileType = sourcecode.cpp.cpp; path = TCommandLine.cpp; sourceTree = "<group>"; };
		AB9155E30F9B4F37009FFEAF /* TCommandLine.h */ = {isa = PBXFileReference; fileEncoding = 4; lastKnownFileType = sourcecode.c.h; path = TCommandLine.h; sourceTree = "<group>"; };
		AB9155E50F9B4F37009FFEAF /* TDebug.cpp */ = {isa = PBXFileReference; fileEncoding = 4; lastKnownFileType = sourcecode.cpp.cpp; path = TDebug.cpp; sourceTree = "<group>"; };
		AB9155E60F9B4F37009FFEAF /* TDebug.h */ = {isa = PBXFileReference; fileEncoding = 4; lastKnownFileType = sourcecode.c.h; path = TDebug.h; sourceTree = "<group>"; };
		AB9155E80F9B4F37009FFEAF /* TBroadcaster.cpp */ = {isa = PBXFileReference; fileEncoding = 4; lastKnownFileType = sourcecode.cpp.cpp; path = TBroadcaster.cpp; sourceTree = "<group>"; };
		AB9155E90F9B4F37009FFEAF /* TBroadcaster.h */ = {isa = PBXFileReference; fileEncoding = 4; lastKnownFileType = sourcecode.c.h; path = TBroadcaster.h; sourceTree = "<group>"; };
		AB9155EA0F9B4F37009FFEAF /* TListener.cpp */ = {isa = PBXFileReference; fileEncoding = 4; lastKnownFileType = sourcecode.cpp.cpp; path = TListener.cpp; sourceTree = "<group>"; };
		AB9155EB0F9B4F37009FFEAF /* TListener.h */ = {isa = PBXFileReference; fileEncoding = 4; lastKnownFileType = sourcecode.c.h; path = TListener.h; sourceTree = "<group>"; };
		AB9155ED0F9B4F37009FFEAF /* TByteSwap.cpp */ = {isa = PBXFileReference; fileEncoding = 4; lastKnownFileType = sourcecode.cpp.cpp; path = TByteSwap.cpp; sourceTree = "<group>"; };
		AB9155EE0F9B4F37009FFEAF /* TByteSwap.h */ = {isa = PBXFileReference; fileEncoding = 4; lastKnownFileType = sourcecode.c.h; path = TByteSwap.h; sourceTree = "<group>"; };
		AB9155EF0F9B4F37009FFEAF /* TChecksum.cpp */ = {isa = PBXFileReference; fileEncoding = 4; lastKnownFileType = sourcecode.cpp.cpp; path = TChecksum.cpp; sourceTree = "<group>"; };
		AB9155F00F9B4F37009FFEAF /* TChecksum.h */ = {isa = PBXFileReference; fileEncoding = 4; lastKnownFileType = sourcecode.c.h; path = TChecksum.h; sourceTree = "<group>"; };
		AB9155F10F9B4F37009FFEAF /* TUnicodeParser.cpp */ = {isa = PBXFileReference; fileEncoding = 4; lastKnownFileType = sourcecode.cpp.cpp; path = TUnicodeParser.cpp; sourceTree = "<group>"; };
		AB9155F20F9B4F37009FFEAF /* TUnicodeParser.h */ = {isa = PBXFileReference; fileEncoding = 4; lastKnownFileType = sourcecode.c.h; path = TUnicodeParser.h; sourceTree = "<group>"; };
		AB9156030F9B4F37009FFEAF /* TAtomicInt.cpp */ = {isa = PBXFileReference; fileEncoding = 4; lastKnownFileType = sourcecode.cpp.cpp; path = TAtomicInt.cpp; sourceTree = "<group>"; };
		AB9156040F9B4F37009FFEAF /* TAtomicInt.h */ = {isa = PBXFileReference; fileEncoding = 4; lastKnownFileType = sourcecode.c.h; path = TAtomicInt.h; sourceTree = "<group>"; };
		AB9156050F9B4F37009FFEAF /* TLock.cpp */ = {isa = PBXFileReference; fileEncoding = 4; lastKnownFileType = sourcecode.cpp.cpp; path = TLock.cpp; sourceTree = "<group>"; };
		AB9156060F9B4F37009FFEAF /* TLock.h */ = {isa = PBXFileReference; fileEncoding = 4; lastKnownFileType = sourcecode.c.h; path = TLock.h; sourceTree = "<group>"; };
		AB9156080F9B4F37009FFEAF /* TArray.cpp */ = {isa = PBXFileReference; fileEncoding = 4; lastKnownFileType = sourcecode.cpp.cpp; path = TArray.cpp; sourceTree = "<group>"; };
		AB9156090F9B4F37009FFEAF /* TArray.h */ = {isa = PBXFileReference; fileEncoding = 4; lastKnownFileType = sourcecode.c.h; path = TArray.h; sourceTree = "<group>"; };
		AB91560A0F9B4F37009FFEAF /* TBitVector.cpp */ = {isa = PBXFileReference; fileEncoding = 4; lastKnownFileType = sourcecode.cpp.cpp; path = TBitVector.cpp; sourceTree = "<group>"; };
		AB91560B0F9B4F37009FFEAF /* TBitVector.h */ = {isa = PBXFileReference; fileEncoding = 4; lastKnownFileType = sourcecode.c.h; path = TBitVector.h; sourceTree = "<group>"; };
		AB91560C0F9B4F37009FFEAF /* TColor.cpp */ = {isa = PBXFileReference; fileEncoding = 4; lastKnownFileType = sourcecode.cpp.cpp; path = TColor.cpp; sourceTree = "<group>"; };
		AB91560D0F9B4F37009FFEAF /* TColor.h */ = {isa = PBXFileReference; fileEncoding = 4; lastKnownFileType = sourcecode.c.h; path = TColor.h; sourceTree = "<group>"; };
		AB91560E0F9B4F37009FFEAF /* TData.cpp */ = {isa = PBXFileReference; fileEncoding = 4; lastKnownFileType = sourcecode.cpp.cpp; path = TData.cpp; sourceTree = "<group>"; };
		AB91560F0F9B4F37009FFEAF /* TData.h */ = {isa = PBXFileReference; fileEncoding = 4; lastKnownFileType = sourcecode.c.h; path = TData.h; sourceTree = "<group>"; };
		AB9156100F9B4F37009FFEAF /* TDate.cpp */ = {isa = PBXFileReference; fileEncoding = 4; lastKnownFileType = sourcecode.cpp.cpp; path = TDate.cpp; sourceTree = "<group>"; };
		AB9156110F9B4F37009FFEAF /* TDate.h */ = {isa = PBXFileReference; fileEncoding = 4; lastKnownFileType = sourcecode.c.h; path = TDate.h; sourceTree = "<group>"; };
		AB9156120F9B4F37009FFEAF /* TDictionary.cpp */ = {isa = PBXFileReference; fileEncoding = 4; lastKnownFileType = sourcecode.cpp.cpp; path = TDictionary.cpp; sourceTree = "<group>"; };
		AB9156130F9B4F37009FFEAF /* TDictionary.h */ = {isa = PBXFileReference; fileEncoding = 4; lastKnownFileType = sourcecode.c.h; path = TDictionary.h; sourceTree = "<group>"; };
		AB9156160F9B4F37009FFEAF /* TNumber.cpp */ = {isa = PBXFileReference; fileEncoding = 4; lastKnownFileType = sourcecode.cpp.cpp; path = TNumber.cpp; sourceTree = "<group>"; };
		AB9156170F9B4F37009FFEAF /* TNumber.h */ = {isa = PBXFileReference; fileEncoding = 4; lastKnownFileType = sourcecode.c.h; path = TNumber.h; sourceTree = "<group>"; };
		AB9156180F9B4F37009FFEAF /* TPoint.cpp */ = {isa = PBXFileReference; fileEncoding = 4; lastKnownFileType = sourcecode.cpp.cpp; path = TPoint.cpp; sourceTree = "<group>"; };
		AB9156190F9B4F37009FFEAF /* TPoint.h */ = {isa = PBXFileReference; fileEncoding = 4; lastKnownFileType = sourcecode.c.h; path = TPoint.h; sourceTree = "<group>"; };
		AB91561A0F9B4F37009FFEAF /* TRange.cpp */ = {isa = PBXFileReference; fileEncoding = 4; lastKnownFileType = sourcecode.cpp.cpp; path = TRange.cpp; sourceTree = "<group>"; };
		AB91561B0F9B4F37009FFEAF /* TRange.h */ = {isa = PBXFileReference; fileEncoding = 4; lastKnownFileType = sourcecode.c.h; path = TRange.h; sourceTree = "<group>"; };
		AB91561C0F9B4F37009FFEAF /* TRectangle.cpp */ = {isa = PBXFileReference; fileEncoding = 4; lastKnownFileType = sourcecode.cpp.cpp; path = TRectangle.cpp; sourceTree = "<group>"; };
		AB91561D0F9B4F37009FFEAF /* TRectangle.h */ = {isa = PBXFileReference; fileEncoding = 4; lastKnownFileType = sourcecode.c.h; path = TRectangle.h; sourceTree = "<group>"; };
		AB91561E0F9B4F37009FFEAF /* TSize.cpp */ = {isa = PBXFileReference; fileEncoding = 4; lastKnownFileType = sourcecode.cpp.cpp; path = TSize.cpp; sourceTree = "<group>"; };
		AB91561F0F9B4F37009FFEAF /* TSize.h */ = {isa = PBXFileReference; fileEncoding = 4; lastKnownFileType = sourcecode.c.h; path = TSize.h; sourceTree = "<group>"; };
		AB9156200F9B4F37009FFEAF /* TString.cpp */ = {isa = PBXFileReference; fileEncoding = 4; lastKnownFileType = sourcecode.cpp.cpp; path = TString.cpp; sourceTree = "<group>"; };
		AB9156210F9B4F37009FFEAF /* TString.h */ = {isa = PBXFileReference; fileEncoding = 4; lastKnownFileType = sourcecode.c.h; path = TString.h; sourceTree = "<group>"; };
		AB9156220F9B4F37009FFEAF /* TStringEncoder.cpp */ = {isa = PBXFileReference; fileEncoding = 4; lastKnownFileType = sourcecode.cpp.cpp; path = TStringEncoder.cpp; sourceTree = "<group>"; };
		AB9156230F9B4F37009FFEAF /* TStringEncoder.h */ = {isa = PBXFileReference; fileEncoding = 4; lastKnownFileType = sourcecode.c.h; path = TStringEncoder.h; sourceTree = "<group>"; };
		AB9156240F9B4F37009FFEAF /* TStringFormatter.cpp */ = {isa = PBXFileReference; fileEncoding = 4; lastKnownFileType = sourcecode.cpp.cpp; path = TStringFormatter.cpp; sourceTree = "<group>"; };
		AB9156250F9B4F37009FFEAF /* TStringFormatter.h */ = {isa = PBXFileReference; fileEncoding = 4; lastKnownFileType = sourcecode.c.h; path = TStringFormatter.h; sourceTree = "<group>"; };
		AB9156260F9B4F37009FFEAF /* TVariant.cpp */ = {isa = PBXFileReference; fileEncoding = 4; lastKnownFileType = sourcecode.cpp.cpp; path = TVariant.cpp; sourceTree = "<group>"; };
		AB9156270F9B4F37009FFEAF /* TVariant.h */ = {isa = PBXFileReference; fileEncoding = 4; lastKnownFileType = sourcecode.c.h; path = TVariant.h; sourceTree = "<group>"; };
		AB9156290F9B4F37009FFEAF /* TFileUtilities.cpp */ = {isa = PBXFileReference; fileEncoding = 4; lastKnownFileType = sourcecode.cpp.cpp; path = TFileUtilities.cpp; sourceTree = "<group>"; };
		AB91562A0F9B4F37009FFEAF /* TFileUtilities.h */ = {isa = PBXFileReference; fileEncoding = 4; lastKnownFileType = sourcecode.c.h; path = TFileUtilities.h; sourceTree = "<group>"; };
		AB91562B0F9B4F37009FFEAF /* TMathUtilities.cpp */ = {isa = PBXFileReference; fileEncoding = 4; lastKnownFileType = sourcecode.cpp.cpp; path = TMathUtilities.cpp; sourceTree = "<group>"; };
		AB91562C0F9B4F37009FFEAF /* TMathUtilities.h */ = {isa = PBXFileReference; fileEncoding = 4; lastKnownFileType = sourcecode.c.h; path = TMathUtilities.h; sourceTree = "<group>"; };
		AB91562D0F9B4F37009FFEAF /* TSTLUtilities.cpp */ = {isa = PBXFileReference; fileEncoding = 4; lastKnownFileType = sourcecode.cpp.cpp; path = TSTLUtilities.cpp; sourceTree = "<group>"; };
		AB91562E0F9B4F37009FFEAF /* TSTLUtilities.h */ = {isa = PBXFileReference; fileEncoding = 4; lastKnownFileType = sourcecode.c.h; path = TSTLUtilities.h; sourceTree = "<group>"; };
		AB91562F0F9B4F37009FFEAF /* TSystemUtilities.cpp */ = {isa = PBXFileReference; fileEncoding = 4; lastKnownFileType = sourcecode.cpp.cpp; path = TSystemUtilities.cpp; sourceTree = "<group>"; };
		AB9156300F9B4F37009FFEAF /* TSystemUtilities.h */ = {isa = PBXFileReference; fileEncoding = 4; lastKnownFileType = sourcecode.c.h; path = TSystemUtilities.h; sourceTree = "<group>"; };
		AB9156310F9B4F37009FFEAF /* TThreadUtilities.cpp */ = {isa = PBXFileReference; fileEncoding = 4; lastKnownFileType = sourcecode.cpp.cpp; path = TThreadUtilities.cpp; sourceTree = "<group>"; };
		AB9156320F9B4F37009FFEAF /* TThreadUtilities.h */ = {isa = PBXFileReference; fileEncoding = 4; lastKnownFileType = sourcecode.c.h; path = TThreadUtilities.h; sourceTree = "<group>"; };
		AB9156330F9B4F37009FFEAF /* TTimeUtilities.cpp */ = {isa = PBXFileReference; fileEncoding = 4; lastKnownFileType = sourcecode.cpp.cpp; path = TTimeUtilities.cpp; sourceTree = "<group>"; };
		AB9156340F9B4F37009FFEAF /* TTimeUtilities.h */ = {isa = PBXFileReference; fileEncoding = 4; lastKnownFileType = sourcecode.c.h; path = TTimeUtilities.h; sourceTree = "<group>"; };
		AB9156350F9B4F37009FFEAF /* NanoTest.cpp */ = {isa = PBXFileReference; fileEncoding = 4; lastKnownFileType = sourcecode.cpp.cpp; path = NanoTest.cpp; sourceTree = "<group>"; };
		AB91568C0F9B5383009FFEAF /* TCFObject.cpp */ = {isa = PBXFileReference; fileEncoding = 4; lastKnownFileType = sourcecode.cpp.cpp; path = TCFObject.cpp; sourceTree = "<group>"; };
		AB91568D0F9B5383009FFEAF /* TCFObject.h */ = {isa = PBXFileReference; fileEncoding = 4; lastKnownFileType = sourcecode.c.h; path = TCFObject.h; sourceTree = "<group>"; };
		AB91568E0F9B5383009FFEAF /* TCFString.cpp */ = {isa = PBXFileReference; fileEncoding = 4; lastKnownFileType = sourcecode.cpp.cpp; path = TCFString.cpp; sourceTree = "<group>"; };
		AB91568F0F9B5383009FFEAF /* TCFString.h */ = {isa = PBXFileReference; fileEncoding = 4; lastKnownFileType = sourcecode.c.h; path = TCFString.h; sourceTree = "<group>"; };
		AB9E78990F27D8C50043A657 /* NanoTest Prefix.pch */ = {isa = PBXFileReference; fileEncoding = 4; lastKnownFileType = sourcecode.c.h; path = "NanoTest Prefix.pch"; sourceTree = "<group>"; };
		ABB145540FF2C53D006F178C /* TPreferences.cpp */ = {isa = PBXFileReference; fileEncoding = 4; lastKnownFileType = sourcecode.cpp.cpp; path = TPreferences.cpp; sourceTree = "<group>"; };
		ABB145560FF2C53D006F178C /* TPreferences.h */ = {isa = PBXFileReference; fileEncoding = 4; lastKnownFileType = sourcecode.c.h; path = TPreferences.h; sourceTree = "<group>"; };
		ABB145AF0FF369B7006F178C /* TPropertyList.h */ = {isa = PBXFileReference; fileEncoding = 4; lastKnownFileType = sourcecode.c.h; path = TPropertyList.h; sourceTree = "<group>"; };
		ABB145B00FF369B7006F178C /* TBundle.h */ = {isa = PBXFileReference; fileEncoding = 4; lastKnownFileType = sourcecode.c.h; path = TBundle.h; sourceTree = "<group>"; };
		ABB145B10FF369B7006F178C /* TBundle.cpp */ = {isa = PBXFileReference; fileEncoding = 4; lastKnownFileType = sourcecode.cpp.cpp; path = TBundle.cpp; sourceTree = "<group>"; };
		ABB145B20FF369B7006F178C /* TPropertyList.cpp */ = {isa = PBXFileReference; fileEncoding = 4; lastKnownFileType = sourcecode.cpp.cpp; path = TPropertyList.cpp; sourceTree = "<group>"; };
		ABB145B70FF369C7006F178C /* TXMLParser.h */ = {isa = PBXFileReference; fileEncoding = 4; lastKnownFileType = sourcecode.c.h; path = TXMLParser.h; sourceTree = "<group>"; };
		ABB145B80FF369C7006F178C /* TXMLParser.cpp */ = {isa = PBXFileReference; fileEncoding = 4; lastKnownFileType = sourcecode.cpp.cpp; path = TXMLParser.cpp; sourceTree = "<group>"; };
		ABB145B90FF369C7006F178C /* TXMLNode.cpp */ = {isa = PBXFileReference; fileEncoding = 4; lastKnownFileType = sourcecode.cpp.cpp; path = TXMLNode.cpp; sourceTree = "<group>"; };
		ABB145BA0FF369C7006F178C /* TXMLNode.h */ = {isa = PBXFileReference; fileEncoding = 4; lastKnownFileType = sourcecode.c.h; path = TXMLNode.h; sourceTree = "<group>"; };
		ABB95BAE0FB726A500C5A7FF /* TFile.cpp */ = {isa = PBXFileReference; fileEncoding = 4; lastKnownFileType = sourcecode.cpp.cpp; path = TFile.cpp; sourceTree = "<group>"; };
		ABB95BAF0FB726A500C5A7FF /* TFile.h */ = {isa = PBXFileReference; fileEncoding = 4; lastKnownFileType = sourcecode.c.h; path = TFile.h; sourceTree = "<group>"; };
		ABE072E909FBC9F20031D3D1 /* NanoCommon.xcconfig */ = {isa = PBXFileReference; fileEncoding = 30; lastKnownFileType = text.xcconfig; path = NanoCommon.xcconfig; sourceTree = "<group>"; };
		ABEC870A0FC5AF1E003B7166 /* TFunctor.h */ = {isa = PBXFileReference; fileEncoding = 4; lastKnownFileType = sourcecode.c.h; path = TFunctor.h; sourceTree = "<group>"; };
		ABEC870B0FC5AF1E003B7166 /* TFunctor.cpp */ = {isa = PBXFileReference; fileEncoding = 4; lastKnownFileType = sourcecode.cpp.cpp; path = TFunctor.cpp; sourceTree = "<group>"; };
		ABEC885B0FC73DD7003B7166 /* CTestListener.cpp */ = {isa = PBXFileReference; fileEncoding = 4; lastKnownFileType = sourcecode.cpp.cpp; path = CTestListener.cpp; sourceTree = "<group>"; };
		ABEC885C0FC73DD7003B7166 /* CTestListener.h */ = {isa = PBXFileReference; fileEncoding = 4; lastKnownFileType = sourcecode.c.h; path = CTestListener.h; sourceTree = "<group>"; };
/* End PBXFileReference section */

/* Begin PBXFrameworksBuildPhase section */
		8D0C4E910486CD37000505A6 /* Frameworks */ = {
			isa = PBXFrameworksBuildPhase;
			buildActionMask = 2147483647;
			files = (
				ABE0709409FBBC820031D3D1 /* libNano.a in Frameworks */,
				8D0C4E920486CD37000505A6 /* Carbon.framework in Frameworks */,
				AB6E7E3709F9052300F73093 /* Cocoa.framework in Frameworks */,
			);
			runOnlyForDeploymentPostprocessing = 0;
		};
/* End PBXFrameworksBuildPhase section */

/* Begin PBXGroup section */
		195DF8CFFE9D517E11CA2CBB /* Products */ = {
			isa = PBXGroup;
			children = (
				8D0C4E970486CD37000505A6 /* NanoTest.app */,
			);
			name = Products;
			sourceTree = "<group>";
		};
		20286C29FDCF999611CA2CEA /* NanoDemo */ = {
			isa = PBXGroup;
			children = (
				AB5B29A909CAD85D008C593C /* Configuration */,
				AB5B29B509CAD866008C593C /* Prefix */,
				AB9155DC0F9B4F37009FFEAF /* Source */,
				AB5B29B809CAD871008C593C /* Resources */,
				20286C32FDCF999611CA2CEA /* Frameworks */,
				AB5B29DB09CAD8B7008C593C /* Dependencies */,
				195DF8CFFE9D517E11CA2CBB /* Products */,
			);
			name = NanoDemo;
			sourceTree = "<group>";
		};
		20286C32FDCF999611CA2CEA /* Frameworks */ = {
			isa = PBXGroup;
			children = (
				20286C33FDCF999611CA2CEA /* Carbon.framework */,
				AB6E7E3609F9052300F73093 /* Cocoa.framework */,
			);
			name = Frameworks;
			sourceTree = "<group>";
		};
		AB5B29A909CAD85D008C593C /* Configuration */ = {
			isa = PBXGroup;
			children = (
				ABE072E909FBC9F20031D3D1 /* NanoCommon.xcconfig */,
				AB5B29AA09CAD85D008C593C /* NanoDebug.xcconfig */,
				AB5B29AB09CAD85D008C593C /* NanoRelease.xcconfig */,
			);
			name = Configuration;
			path = ../../../Support/Xcode/Configuration;
			sourceTree = SOURCE_ROOT;
		};
		AB5B29B509CAD866008C593C /* Prefix */ = {
			isa = PBXGroup;
			children = (
				AB9E78990F27D8C50043A657 /* NanoTest Prefix.pch */,
			);
			name = Prefix;
			path = ../Prefix;
			sourceTree = SOURCE_ROOT;
		};
		AB5B29B809CAD871008C593C /* Resources */ = {
			isa = PBXGroup;
			children = (
			);
			name = Resources;
			path = ../Resources;
			sourceTree = SOURCE_ROOT;
		};
		AB5B29DB09CAD8B7008C593C /* Dependencies */ = {
			isa = PBXGroup;
			children = (
				AB5B29DF09CAD8E4008C593C /* Nano.xcodeproj */,
			);
			name = Dependencies;
			sourceTree = "<group>";
		};
		AB9155DC0F9B4F37009FFEAF /* Source */ = {
			isa = PBXGroup;
			children = (
				ABEC885B0FC73DD7003B7166 /* CTestListener.cpp */,
				ABEC885C0FC73DD7003B7166 /* CTestListener.h */,
				AB9155DD0F9B4F37009FFEAF /* CTestUtilities.cpp */,
				AB9155DE0F9B4F37009FFEAF /* CTestUtilities.h */,
				AB9156350F9B4F37009FFEAF /* NanoTest.cpp */,
				AB91568A0F9B5383009FFEAF /* Nanites */,
				AB9155E00F9B4F37009FFEAF /* Nano */,
			);
			name = Source;
			path = ../Source;
			sourceTree = SOURCE_ROOT;
		};
		AB9155E00F9B4F37009FFEAF /* Nano */ = {
			isa = PBXGroup;
			children = (
				AB9155E10F9B4F37009FFEAF /* Application */,
				AB9155E40F9B4F37009FFEAF /* Core */,
				AB9155E70F9B4F37009FFEAF /* Events */,
				ABB95BAD0FB726A500C5A7FF /* Files */,
				AB9155EC0F9B4F37009FFEAF /* System */,
				AB9156020F9B4F37009FFEAF /* Threads */,
				AB9156070F9B4F37009FFEAF /* Types */,
				AB9156280F9B4F37009FFEAF /* Utilities */,
			);
			path = Nano;
			sourceTree = "<group>";
		};
		AB9155E10F9B4F37009FFEAF /* Application */ = {
			isa = PBXGroup;
			children = (
				AB9155E20F9B4F37009FFEAF /* TCommandLine.cpp */,
				AB9155E30F9B4F37009FFEAF /* TCommandLine.h */,
				ABB145540FF2C53D006F178C /* TPreferences.cpp */,
				ABB145560FF2C53D006F178C /* TPreferences.h */,
			);
			path = Application;
			sourceTree = "<group>";
		};
		AB9155E40F9B4F37009FFEAF /* Core */ = {
			isa = PBXGroup;
			children = (
				AB9155E50F9B4F37009FFEAF /* TDebug.cpp */,
				AB9155E60F9B4F37009FFEAF /* TDebug.h */,
			);
			path = Core;
			sourceTree = "<group>";
		};
		AB9155E70F9B4F37009FFEAF /* Events */ = {
			isa = PBXGroup;
			children = (
				AB9155E80F9B4F37009FFEAF /* TBroadcaster.cpp */,
				AB9155E90F9B4F37009FFEAF /* TBroadcaster.h */,
				AB9155EA0F9B4F37009FFEAF /* TListener.cpp */,
				AB9155EB0F9B4F37009FFEAF /* TListener.h */,
			);
			path = Events;
			sourceTree = "<group>";
		};
		AB9155EC0F9B4F37009FFEAF /* System */ = {
			isa = PBXGroup;
			children = (
				AB9155ED0F9B4F37009FFEAF /* TByteSwap.cpp */,
				AB9155EE0F9B4F37009FFEAF /* TByteSwap.h */,
				AB9155EF0F9B4F37009FFEAF /* TChecksum.cpp */,
				AB9155F00F9B4F37009FFEAF /* TChecksum.h */,
				AB9155F10F9B4F37009FFEAF /* TUnicodeParser.cpp */,
				AB9155F20F9B4F37009FFEAF /* TUnicodeParser.h */,
				AB1F631F0FF9095300A0AE35 /* TXMLEncoder.cpp */,
				AB1F631E0FF9095300A0AE35 /* TXMLEncoder.h */,
				ABB145B80FF369C7006F178C /* TXMLParser.cpp */,
				ABB145B70FF369C7006F178C /* TXMLParser.h */,
				ABB145B90FF369C7006F178C /* TXMLNode.cpp */,
				ABB145BA0FF369C7006F178C /* TXMLNode.h */,
			);
			path = System;
			sourceTree = "<group>";
		};
		AB9156020F9B4F37009FFEAF /* Threads */ = {
			isa = PBXGroup;
			children = (
				AB9156030F9B4F37009FFEAF /* TAtomicInt.cpp */,
				AB9156040F9B4F37009FFEAF /* TAtomicInt.h */,
				AB9156050F9B4F37009FFEAF /* TLock.cpp */,
				AB9156060F9B4F37009FFEAF /* TLock.h */,
			);
			path = Threads;
			sourceTree = "<group>";
		};
		AB9156070F9B4F37009FFEAF /* Types */ = {
			isa = PBXGroup;
			children = (
				AB9156080F9B4F37009FFEAF /* TArray.cpp */,
				AB9156090F9B4F37009FFEAF /* TArray.h */,
				AB91560A0F9B4F37009FFEAF /* TBitVector.cpp */,
				AB91560B0F9B4F37009FFEAF /* TBitVector.h */,
				AB91560C0F9B4F37009FFEAF /* TColor.cpp */,
				AB91560D0F9B4F37009FFEAF /* TColor.h */,
				AB91560E0F9B4F37009FFEAF /* TData.cpp */,
				AB91560F0F9B4F37009FFEAF /* TData.h */,
				AB9156100F9B4F37009FFEAF /* TDate.cpp */,
				AB9156110F9B4F37009FFEAF /* TDate.h */,
				AB9156120F9B4F37009FFEAF /* TDictionary.cpp */,
				AB9156130F9B4F37009FFEAF /* TDictionary.h */,
				ABEC870B0FC5AF1E003B7166 /* TFunctor.cpp */,
				ABEC870A0FC5AF1E003B7166 /* TFunctor.h */,
				AB9156160F9B4F37009FFEAF /* TNumber.cpp */,
				AB9156170F9B4F37009FFEAF /* TNumber.h */,
				AB9156180F9B4F37009FFEAF /* TPoint.cpp */,
				AB9156190F9B4F37009FFEAF /* TPoint.h */,
				AB91561A0F9B4F37009FFEAF /* TRange.cpp */,
				AB91561B0F9B4F37009FFEAF /* TRange.h */,
				AB91561C0F9B4F37009FFEAF /* TRectangle.cpp */,
				AB91561D0F9B4F37009FFEAF /* TRectangle.h */,
				AB91561E0F9B4F37009FFEAF /* TSize.cpp */,
				AB91561F0F9B4F37009FFEAF /* TSize.h */,
				AB9156200F9B4F37009FFEAF /* TString.cpp */,
				AB9156210F9B4F37009FFEAF /* TString.h */,
				AB9156220F9B4F37009FFEAF /* TStringEncoder.cpp */,
				AB9156230F9B4F37009FFEAF /* TStringEncoder.h */,
				AB9156240F9B4F37009FFEAF /* TStringFormatter.cpp */,
				AB9156250F9B4F37009FFEAF /* TStringFormatter.h */,
				AB9156260F9B4F37009FFEAF /* TVariant.cpp */,
				AB9156270F9B4F37009FFEAF /* TVariant.h */,
			);
			path = Types;
			sourceTree = "<group>";
		};
		AB9156280F9B4F37009FFEAF /* Utilities */ = {
			isa = PBXGroup;
			children = (
				AB9156290F9B4F37009FFEAF /* TFileUtilities.cpp */,
				AB91562A0F9B4F37009FFEAF /* TFileUtilities.h */,
				AB91562B0F9B4F37009FFEAF /* TMathUtilities.cpp */,
				AB91562C0F9B4F37009FFEAF /* TMathUtilities.h */,
				AB91562D0F9B4F37009FFEAF /* TSTLUtilities.cpp */,
				AB91562E0F9B4F37009FFEAF /* TSTLUtilities.h */,
				AB91562F0F9B4F37009FFEAF /* TSystemUtilities.cpp */,
				AB9156300F9B4F37009FFEAF /* TSystemUtilities.h */,
				AB35B33010011228009B75EF /* TTextUtilities.cpp */,
				AB35B32F10011228009B75EF /* TTextUtilities.h */,
				AB9156310F9B4F37009FFEAF /* TThreadUtilities.cpp */,
				AB9156320F9B4F37009FFEAF /* TThreadUtilities.h */,
				AB9156330F9B4F37009FFEAF /* TTimeUtilities.cpp */,
				AB9156340F9B4F37009FFEAF /* TTimeUtilities.h */,
			);
			path = Utilities;
			sourceTree = "<group>";
		};
		AB91568A0F9B5383009FFEAF /* Nanites */ = {
			isa = PBXGroup;
			children = (
				AB91568B0F9B5383009FFEAF /* CoreFoundation */,
			);
			path = Nanites;
			sourceTree = "<group>";
		};
		AB91568B0F9B5383009FFEAF /* CoreFoundation */ = {
			isa = PBXGroup;
			children = (
				AB91568C0F9B5383009FFEAF /* TCFObject.cpp */,
				AB91568D0F9B5383009FFEAF /* TCFObject.h */,
				AB91568E0F9B5383009FFEAF /* TCFString.cpp */,
				AB91568F0F9B5383009FFEAF /* TCFString.h */,
			);
			path = CoreFoundation;
			sourceTree = "<group>";
		};
		ABB95BAD0FB726A500C5A7FF /* Files */ = {
			isa = PBXGroup;
			children = (
				ABB145B10FF369B7006F178C /* TBundle.cpp */,
				ABB145B00FF369B7006F178C /* TBundle.h */,
				ABB95BAE0FB726A500C5A7FF /* TFile.cpp */,
				ABB95BAF0FB726A500C5A7FF /* TFile.h */,
				ABB145B20FF369B7006F178C /* TPropertyList.cpp */,
				ABB145AF0FF369B7006F178C /* TPropertyList.h */,
			);
			path = Files;
			sourceTree = "<group>";
		};
		ABE0708B09FBBC7A0031D3D1 /* Products */ = {
			isa = PBXGroup;
			children = (
				ABE0709009FBBC7A0031D3D1 /* libNano.a */,
				ABF81BD70FB5F9D50040A020 /* libNano.a */,
			);
			name = Products;
			sourceTree = "<group>";
		};
/* End PBXGroup section */

/* Begin PBXNativeTarget section */
		8D0C4E890486CD37000505A6 /* NanoTest */ = {
			isa = PBXNativeTarget;
			buildConfigurationList = C0E91AC508A95435008D54AB /* Build configuration list for PBXNativeTarget "NanoTest" */;
			buildPhases = (
				8D0C4E8C0486CD37000505A6 /* Resources */,
				8D0C4E8F0486CD37000505A6 /* Sources */,
				8D0C4E910486CD37000505A6 /* Frameworks */,
			);
			buildRules = (
			);
			dependencies = (
				ABE0709609FBBC890031D3D1 /* PBXTargetDependency */,
			);
			name = NanoTest;
			productInstallPath = "$(HOME)/Applications";
			productName = NanoDemo;
			productReference = 8D0C4E970486CD37000505A6 /* NanoTest.app */;
			productType = "com.apple.product-type.application";
		};
/* End PBXNativeTarget section */

/* Begin PBXProject section */
		20286C28FDCF999611CA2CEA /* Project object */ = {
			isa = PBXProject;
			buildConfigurationList = C0E91AC908A95435008D54AB /* Build configuration list for PBXProject "NanoTest" */;
			compatibilityVersion = "Xcode 3.1";
			hasScannedForEncodings = 1;
			mainGroup = 20286C29FDCF999611CA2CEA /* NanoDemo */;
			projectDirPath = "";
			projectReferences = (
				{
					ProductGroup = ABE0708B09FBBC7A0031D3D1 /* Products */;
					ProjectRef = AB5B29DF09CAD8E4008C593C /* Nano.xcodeproj */;
				},
			);
			projectRoot = ..;
			targets = (
				8D0C4E890486CD37000505A6 /* NanoTest */,
			);
		};
/* End PBXProject section */

/* Begin PBXReferenceProxy section */
		ABE0709009FBBC7A0031D3D1 /* libNano.a */ = {
			isa = PBXReferenceProxy;
			fileType = archive.ar;
			path = libNano.a;
			remoteRef = ABE0708F09FBBC7A0031D3D1 /* PBXContainerItemProxy */;
			sourceTree = BUILT_PRODUCTS_DIR;
		};
		ABF81BD70FB5F9D50040A020 /* libNano.a */ = {
			isa = PBXReferenceProxy;
			fileType = archive.ar;
			path = libNano.a;
			remoteRef = ABF81BD60FB5F9D50040A020 /* PBXContainerItemProxy */;
			sourceTree = BUILT_PRODUCTS_DIR;
		};
/* End PBXReferenceProxy section */

/* Begin PBXResourcesBuildPhase section */
		8D0C4E8C0486CD37000505A6 /* Resources */ = {
			isa = PBXResourcesBuildPhase;
			buildActionMask = 2147483647;
			files = (
			);
			runOnlyForDeploymentPostprocessing = 0;
		};
/* End PBXResourcesBuildPhase section */

/* Begin PBXSourcesBuildPhase section */
		8D0C4E8F0486CD37000505A6 /* Sources */ = {
			isa = PBXSourcesBuildPhase;
			buildActionMask = 2147483647;
			files = (
				ABEC885D0FC73DD7003B7166 /* CTestListener.cpp in Sources */,
				AB9156360F9B4F37009FFEAF /* CTestUtilities.cpp in Sources */,
				AB91565D0F9B4F37009FFEAF /* NanoTest.cpp in Sources */,
				AB9156900F9B5383009FFEAF /* TCFObject.cpp in Sources */,
				AB9156910F9B5383009FFEAF /* TCFString.cpp in Sources */,
				AB9156370F9B4F37009FFEAF /* TCommandLine.cpp in Sources */,
				ABB145580FF2C53D006F178C /* TPreferences.cpp in Sources */,
				AB9156380F9B4F37009FFEAF /* TDebug.cpp in Sources */,
				AB9156390F9B4F37009FFEAF /* TBroadcaster.cpp in Sources */,
				AB91563A0F9B4F37009FFEAF /* TListener.cpp in Sources */,
				ABB145B30FF369B7006F178C /* TBundle.cpp in Sources */,
				ABB95BB00FB726A500C5A7FF /* TFile.cpp in Sources */,
				ABB145B40FF369B7006F178C /* TPropertyList.cpp in Sources */,
				AB91563B0F9B4F37009FFEAF /* TByteSwap.cpp in Sources */,
				AB91563C0F9B4F37009FFEAF /* TChecksum.cpp in Sources */,
				AB91563D0F9B4F37009FFEAF /* TUnicodeParser.cpp in Sources */,
				AB1F63200FF9095300A0AE35 /* TXMLEncoder.cpp in Sources */,
				ABB145BC0FF369C7006F178C /* TXMLNode.cpp in Sources */,
				ABB145BB0FF369C7006F178C /* TXMLParser.cpp in Sources */,
				AB9156450F9B4F37009FFEAF /* TAtomicInt.cpp in Sources */,
				AB9156460F9B4F37009FFEAF /* TLock.cpp in Sources */,
				AB9156470F9B4F37009FFEAF /* TArray.cpp in Sources */,
				AB9156480F9B4F37009FFEAF /* TBitVector.cpp in Sources */,
				AB9156490F9B4F37009FFEAF /* TColor.cpp in Sources */,
				AB91564A0F9B4F37009FFEAF /* TData.cpp in Sources */,
				AB91564B0F9B4F37009FFEAF /* TDate.cpp in Sources */,
				AB91564C0F9B4F37009FFEAF /* TDictionary.cpp in Sources */,
				ABEC870C0FC5AF1E003B7166 /* TFunctor.cpp in Sources */,
				AB91564E0F9B4F37009FFEAF /* TNumber.cpp in Sources */,
				AB91564F0F9B4F37009FFEAF /* TPoint.cpp in Sources */,
				AB9156500F9B4F37009FFEAF /* TRange.cpp in Sources */,
				AB9156510F9B4F37009FFEAF /* TRectangle.cpp in Sources */,
				AB9156520F9B4F37009FFEAF /* TSize.cpp in Sources */,
				AB9156530F9B4F37009FFEAF /* TString.cpp in Sources */,
				AB9156540F9B4F37009FFEAF /* TStringEncoder.cpp in Sources */,
				AB9156550F9B4F37009FFEAF /* TStringFormatter.cpp in Sources */,
				AB9156560F9B4F37009FFEAF /* TVariant.cpp in Sources */,
				AB9156570F9B4F37009FFEAF /* TFileUtilities.cpp in Sources */,
				AB9156580F9B4F37009FFEAF /* TMathUtilities.cpp in Sources */,
				AB9156590F9B4F37009FFEAF /* TSTLUtilities.cpp in Sources */,
				AB91565A0F9B4F37009FFEAF /* TSystemUtilities.cpp in Sources */,
				AB35B33110011228009B75EF /* TTextUtilities.cpp in Sources */,
				AB91565B0F9B4F37009FFEAF /* TThreadUtilities.cpp in Sources */,
				AB91565C0F9B4F37009FFEAF /* TTimeUtilities.cpp in Sources */,
			);
			runOnlyForDeploymentPostprocessing = 0;
		};
/* End PBXSourcesBuildPhase section */

/* Begin PBXTargetDependency section */
		ABE0709609FBBC890031D3D1 /* PBXTargetDependency */ = {
			isa = PBXTargetDependency;
			name = Nano;
			targetProxy = ABE0709509FBBC890031D3D1 /* PBXContainerItemProxy */;
		};
/* End PBXTargetDependency section */

/* Begin XCBuildConfiguration section */
		C0E91AC608A95435008D54AB /* Debug */ = {
			isa = XCBuildConfiguration;
			baseConfigurationReference = AB5B29AA09CAD85D008C593C /* NanoDebug.xcconfig */;
			buildSettings = {
				GCC_PREFIX_HEADER = "../Prefix/NanoTest Prefix.pch";
				OTHER_CFLAGS = "-DNN_SEEN_RELEASE_NOTES_FOR=0xFFFFFFFF";
				PRODUCT_NAME = NanoTest;
			};
			name = Debug;
		};
		C0E91AC708A95435008D54AB /* Release */ = {
			isa = XCBuildConfiguration;
			baseConfigurationReference = AB5B29AB09CAD85D008C593C /* NanoRelease.xcconfig */;
			buildSettings = {
				GCC_PREFIX_HEADER = "../Prefix/NanoTest Prefix.pch";
				OTHER_CFLAGS = "-DNN_SEEN_RELEASE_NOTES_FOR=0xFFFFFFFF";
				PRODUCT_NAME = NanoTest;
			};
			name = Release;
		};
		C0E91ACA08A95435008D54AB /* Debug */ = {
			isa = XCBuildConfiguration;
			buildSettings = {
			};
			name = Debug;
		};
		C0E91ACB08A95435008D54AB /* Release */ = {
			isa = XCBuildConfiguration;
			buildSettings = {
			};
			name = Release;
		};
/* End XCBuildConfiguration section */

/* Begin XCConfigurationList section */
		C0E91AC508A95435008D54AB /* Build configuration list for PBXNativeTarget "NanoTest" */ = {
			isa = XCConfigurationList;
			buildConfigurations = (
				C0E91AC608A95435008D54AB /* Debug */,
				C0E91AC708A95435008D54AB /* Release */,
			);
			defaultConfigurationIsVisible = 0;
			defaultConfigurationName = Debug;
		};
		C0E91AC908A95435008D54AB /* Build configuration list for PBXProject "NanoTest" */ = {
			isa = XCConfigurationList;
			buildConfigurations = (
				C0E91ACA08A95435008D54AB /* Debug */,
				C0E91ACB08A95435008D54AB /* Release */,
			);
			defaultConfigurationIsVisible = 0;
			defaultConfigurationName = Debug;
		};
/* End XCConfigurationList section */
	};
	rootObject = 20286C28FDCF999611CA2CEA /* Project object */;
}
