// !$*UTF8*$!
{
	archiveVersion = 1;
	classes = {
	};
	objectVersion = 42;
	objects = {

/* Begin PBXBuildFile section */
		8D0C4E920486CD37000505A6 /* Carbon.framework in Frameworks */ = {isa = PBXBuildFile; fileRef = 20286C33FDCF999611CA2CEA /* Carbon.framework */; };
		AB4546D60F8667E4008801FB /* TBroadcaster.cpp in Sources */ = {isa = PBXBuildFile; fileRef = AB45468C0F8667E4008801FB /* TBroadcaster.cpp */; };
		AB4546D70F8667E4008801FB /* TListener.cpp in Sources */ = {isa = PBXBuildFile; fileRef = AB45468E0F8667E4008801FB /* TListener.cpp */; };
		AB4546D80F8667E4008801FB /* TByteSwap.cpp in Sources */ = {isa = PBXBuildFile; fileRef = AB4546910F8667E4008801FB /* TByteSwap.cpp */; };
		AB4546D90F8667E4008801FB /* TCipher.cpp in Sources */ = {isa = PBXBuildFile; fileRef = AB4546930F8667E4008801FB /* TCipher.cpp */; };
		AB4546DA0F8667E4008801FB /* TArray.cpp in Sources */ = {isa = PBXBuildFile; fileRef = AB4546960F8667E4008801FB /* TArray.cpp */; };
		AB4546DB0F8667E4008801FB /* TBitVector.cpp in Sources */ = {isa = PBXBuildFile; fileRef = AB4546980F8667E4008801FB /* TBitVector.cpp */; };
		AB4546DC0F8667E4008801FB /* TColor.cpp in Sources */ = {isa = PBXBuildFile; fileRef = AB45469A0F8667E4008801FB /* TColor.cpp */; };
		AB4546DD0F8667E4008801FB /* TData.cpp in Sources */ = {isa = PBXBuildFile; fileRef = AB45469C0F8667E4008801FB /* TData.cpp */; };
		AB4546DE0F8667E4008801FB /* TDate.cpp in Sources */ = {isa = PBXBuildFile; fileRef = AB45469E0F8667E4008801FB /* TDate.cpp */; };
		AB4546DF0F8667E4008801FB /* TDictionary.cpp in Sources */ = {isa = PBXBuildFile; fileRef = AB4546A00F8667E4008801FB /* TDictionary.cpp */; };
		AB4546E00F8667E4008801FB /* TFile.cpp in Sources */ = {isa = PBXBuildFile; fileRef = AB4546A20F8667E4008801FB /* TFile.cpp */; };
		AB4546E10F8667E4008801FB /* TNumber.cpp in Sources */ = {isa = PBXBuildFile; fileRef = AB4546A40F8667E4008801FB /* TNumber.cpp */; };
		AB4546E20F8667E4008801FB /* TPoint.cpp in Sources */ = {isa = PBXBuildFile; fileRef = AB4546A60F8667E4008801FB /* TPoint.cpp */; };
		AB4546E30F8667E4008801FB /* TRange.cpp in Sources */ = {isa = PBXBuildFile; fileRef = AB4546A80F8667E4008801FB /* TRange.cpp */; };
		AB4546E40F8667E4008801FB /* TRectangle.cpp in Sources */ = {isa = PBXBuildFile; fileRef = AB4546AA0F8667E4008801FB /* TRectangle.cpp */; };
		AB4546E50F8667E4008801FB /* TSize.cpp in Sources */ = {isa = PBXBuildFile; fileRef = AB4546AC0F8667E4008801FB /* TSize.cpp */; };
		AB4546E60F8667E4008801FB /* TString.cpp in Sources */ = {isa = PBXBuildFile; fileRef = AB4546AE0F8667E4008801FB /* TString.cpp */; };
		AB4546E70F8667E4008801FB /* TVariant.cpp in Sources */ = {isa = PBXBuildFile; fileRef = AB4546B00F8667E4008801FB /* TVariant.cpp */; };
		AB4546E80F8667E4008801FB /* TTargetDebug.cpp in Sources */ = {isa = PBXBuildFile; fileRef = AB4546B30F8667E4008801FB /* TTargetDebug.cpp */; };
		AB4546E90F8667E4008801FB /* TTargetFile.cpp in Sources */ = {isa = PBXBuildFile; fileRef = AB4546B50F8667E4008801FB /* TTargetFile.cpp */; };
		AB4546EA0F8667E4008801FB /* TTargetLock.cpp in Sources */ = {isa = PBXBuildFile; fileRef = AB4546B70F8667E4008801FB /* TTargetLock.cpp */; };
		AB4546EB0F8667E4008801FB /* TTargetMath.cpp in Sources */ = {isa = PBXBuildFile; fileRef = AB4546B90F8667E4008801FB /* TTargetMath.cpp */; };
		AB4546EC0F8667E4008801FB /* TTargetSystem.cpp in Sources */ = {isa = PBXBuildFile; fileRef = AB4546BB0F8667E4008801FB /* TTargetSystem.cpp */; };
		AB4546ED0F8667E4008801FB /* TTargetThread.cpp in Sources */ = {isa = PBXBuildFile; fileRef = AB4546BD0F8667E4008801FB /* TTargetThread.cpp */; };
		AB4546EE0F8667E4008801FB /* TTargetTime.cpp in Sources */ = {isa = PBXBuildFile; fileRef = AB4546BF0F8667E4008801FB /* TTargetTime.cpp */; };
		AB4546EF0F8667E4008801FB /* TAtomicInt.cpp in Sources */ = {isa = PBXBuildFile; fileRef = AB4546C20F8667E4008801FB /* TAtomicInt.cpp */; };
		AB4546F00F8667E4008801FB /* TLock.cpp in Sources */ = {isa = PBXBuildFile; fileRef = AB4546C40F8667E4008801FB /* TLock.cpp */; };
		AB4546F10F8667E4008801FB /* TCommandLine.cpp in Sources */ = {isa = PBXBuildFile; fileRef = AB4546C70F8667E4008801FB /* TCommandLine.cpp */; };
		AB4546F20F8667E4008801FB /* TFileUtilities.cpp in Sources */ = {isa = PBXBuildFile; fileRef = AB4546CA0F8667E4008801FB /* TFileUtilities.cpp */; };
		AB4546F30F8667E4008801FB /* TMathUtilities.cpp in Sources */ = {isa = PBXBuildFile; fileRef = AB4546CC0F8667E4008801FB /* TMathUtilities.cpp */; };
		AB4546F40F8667E4008801FB /* TSTLUtilities.cpp in Sources */ = {isa = PBXBuildFile; fileRef = AB4546CE0F8667E4008801FB /* TSTLUtilities.cpp */; };
		AB4546F50F8667E4008801FB /* TSystemUtilities.cpp in Sources */ = {isa = PBXBuildFile; fileRef = AB4546D00F8667E4008801FB /* TSystemUtilities.cpp */; };
		AB4546F60F8667E4008801FB /* TThreadUtilities.cpp in Sources */ = {isa = PBXBuildFile; fileRef = AB4546D20F8667E4008801FB /* TThreadUtilities.cpp */; };
		AB4546F70F8667E4008801FB /* TTimeUtilities.cpp in Sources */ = {isa = PBXBuildFile; fileRef = AB4546D40F8667E4008801FB /* TTimeUtilities.cpp */; };
		AB6E7E3709F9052300F73093 /* Cocoa.framework in Frameworks */ = {isa = PBXBuildFile; fileRef = AB6E7E3609F9052300F73093 /* Cocoa.framework */; };
		AB7447D10F87577500FE0825 /* TFormatter.cpp in Sources */ = {isa = PBXBuildFile; fileRef = AB7447D00F87577500FE0825 /* TFormatter.cpp */; };
		AB9E78C20F27D8D80043A657 /* NanoTest.cpp in Sources */ = {isa = PBXBuildFile; fileRef = AB9E789A0F27D8D80043A657 /* NanoTest.cpp */; };
		ABE0709409FBBC820031D3D1 /* libNano.a in Frameworks */ = {isa = PBXBuildFile; fileRef = ABE0709009FBBC7A0031D3D1 /* libNano.a */; };
/* End PBXBuildFile section */

/* Begin PBXContainerItemProxy section */
		ABE0708F09FBBC7A0031D3D1 /* PBXContainerItemProxy */ = {
			isa = PBXContainerItemProxy;
			containerPortal = AB5B29DF09CAD8E4008C593C /* Nano.xcodeproj */;
			proxyType = 2;
			remoteGlobalIDString = D2AAC06F0554671400DB518D;
			remoteInfo = Nano;
		};
		ABE0709509FBBC890031D3D1 /* PBXContainerItemProxy */ = {
			isa = PBXContainerItemProxy;
			containerPortal = AB5B29DF09CAD8E4008C593C /* Nano.xcodeproj */;
			proxyType = 1;
			remoteGlobalIDString = D2AAC06E0554671400DB518D;
			remoteInfo = Nano;
		};
/* End PBXContainerItemProxy section */

/* Begin PBXFileReference section */
		20286C33FDCF999611CA2CEA /* Carbon.framework */ = {isa = PBXFileReference; lastKnownFileType = wrapper.framework; name = Carbon.framework; path = /System/Library/Frameworks/Carbon.framework; sourceTree = "<absolute>"; };
		8D0C4E970486CD37000505A6 /* NanoTest.app */ = {isa = PBXFileReference; explicitFileType = wrapper.application; includeInIndex = 0; path = NanoTest.app; sourceTree = BUILT_PRODUCTS_DIR; };
		AB45468C0F8667E4008801FB /* TBroadcaster.cpp */ = {isa = PBXFileReference; fileEncoding = 4; lastKnownFileType = sourcecode.cpp.cpp; path = TBroadcaster.cpp; sourceTree = "<group>"; };
		AB45468D0F8667E4008801FB /* TBroadcaster.h */ = {isa = PBXFileReference; fileEncoding = 4; lastKnownFileType = sourcecode.c.h; path = TBroadcaster.h; sourceTree = "<group>"; };
		AB45468E0F8667E4008801FB /* TListener.cpp */ = {isa = PBXFileReference; fileEncoding = 4; lastKnownFileType = sourcecode.cpp.cpp; path = TListener.cpp; sourceTree = "<group>"; };
		AB45468F0F8667E4008801FB /* TListener.h */ = {isa = PBXFileReference; fileEncoding = 4; lastKnownFileType = sourcecode.c.h; path = TListener.h; sourceTree = "<group>"; };
		AB4546910F8667E4008801FB /* TByteSwap.cpp */ = {isa = PBXFileReference; fileEncoding = 4; lastKnownFileType = sourcecode.cpp.cpp; path = TByteSwap.cpp; sourceTree = "<group>"; };
		AB4546920F8667E4008801FB /* TByteSwap.h */ = {isa = PBXFileReference; fileEncoding = 4; lastKnownFileType = sourcecode.c.h; path = TByteSwap.h; sourceTree = "<group>"; };
		AB4546930F8667E4008801FB /* TCipher.cpp */ = {isa = PBXFileReference; fileEncoding = 4; lastKnownFileType = sourcecode.cpp.cpp; path = TCipher.cpp; sourceTree = "<group>"; };
		AB4546940F8667E4008801FB /* TCipher.h */ = {isa = PBXFileReference; fileEncoding = 4; lastKnownFileType = sourcecode.c.h; path = TCipher.h; sourceTree = "<group>"; };
		AB4546960F8667E4008801FB /* TArray.cpp */ = {isa = PBXFileReference; fileEncoding = 4; lastKnownFileType = sourcecode.cpp.cpp; path = TArray.cpp; sourceTree = "<group>"; };
		AB4546970F8667E4008801FB /* TArray.h */ = {isa = PBXFileReference; fileEncoding = 4; lastKnownFileType = sourcecode.c.h; path = TArray.h; sourceTree = "<group>"; };
		AB4546980F8667E4008801FB /* TBitVector.cpp */ = {isa = PBXFileReference; fileEncoding = 4; lastKnownFileType = sourcecode.cpp.cpp; path = TBitVector.cpp; sourceTree = "<group>"; };
		AB4546990F8667E4008801FB /* TBitVector.h */ = {isa = PBXFileReference; fileEncoding = 4; lastKnownFileType = sourcecode.c.h; path = TBitVector.h; sourceTree = "<group>"; };
		AB45469A0F8667E4008801FB /* TColor.cpp */ = {isa = PBXFileReference; fileEncoding = 4; lastKnownFileType = sourcecode.cpp.cpp; path = TColor.cpp; sourceTree = "<group>"; };
		AB45469B0F8667E4008801FB /* TColor.h */ = {isa = PBXFileReference; fileEncoding = 4; lastKnownFileType = sourcecode.c.h; path = TColor.h; sourceTree = "<group>"; };
		AB45469C0F8667E4008801FB /* TData.cpp */ = {isa = PBXFileReference; fileEncoding = 4; lastKnownFileType = sourcecode.cpp.cpp; path = TData.cpp; sourceTree = "<group>"; };
		AB45469D0F8667E4008801FB /* TData.h */ = {isa = PBXFileReference; fileEncoding = 4; lastKnownFileType = sourcecode.c.h; path = TData.h; sourceTree = "<group>"; };
		AB45469E0F8667E4008801FB /* TDate.cpp */ = {isa = PBXFileReference; fileEncoding = 4; lastKnownFileType = sourcecode.cpp.cpp; path = TDate.cpp; sourceTree = "<group>"; };
		AB45469F0F8667E4008801FB /* TDate.h */ = {isa = PBXFileReference; fileEncoding = 4; lastKnownFileType = sourcecode.c.h; path = TDate.h; sourceTree = "<group>"; };
		AB4546A00F8667E4008801FB /* TDictionary.cpp */ = {isa = PBXFileReference; fileEncoding = 4; lastKnownFileType = sourcecode.cpp.cpp; path = TDictionary.cpp; sourceTree = "<group>"; };
		AB4546A10F8667E4008801FB /* TDictionary.h */ = {isa = PBXFileReference; fileEncoding = 4; lastKnownFileType = sourcecode.c.h; path = TDictionary.h; sourceTree = "<group>"; };
		AB4546A20F8667E4008801FB /* TFile.cpp */ = {isa = PBXFileReference; fileEncoding = 4; lastKnownFileType = sourcecode.cpp.cpp; path = TFile.cpp; sourceTree = "<group>"; };
		AB4546A30F8667E4008801FB /* TFile.h */ = {isa = PBXFileReference; fileEncoding = 4; lastKnownFileType = sourcecode.c.h; path = TFile.h; sourceTree = "<group>"; };
		AB4546A40F8667E4008801FB /* TNumber.cpp */ = {isa = PBXFileReference; fileEncoding = 4; lastKnownFileType = sourcecode.cpp.cpp; path = TNumber.cpp; sourceTree = "<group>"; };
		AB4546A50F8667E4008801FB /* TNumber.h */ = {isa = PBXFileReference; fileEncoding = 4; lastKnownFileType = sourcecode.c.h; path = TNumber.h; sourceTree = "<group>"; };
		AB4546A60F8667E4008801FB /* TPoint.cpp */ = {isa = PBXFileReference; fileEncoding = 4; lastKnownFileType = sourcecode.cpp.cpp; path = TPoint.cpp; sourceTree = "<group>"; };
		AB4546A70F8667E4008801FB /* TPoint.h */ = {isa = PBXFileReference; fileEncoding = 4; lastKnownFileType = sourcecode.c.h; path = TPoint.h; sourceTree = "<group>"; };
		AB4546A80F8667E4008801FB /* TRange.cpp */ = {isa = PBXFileReference; fileEncoding = 4; lastKnownFileType = sourcecode.cpp.cpp; path = TRange.cpp; sourceTree = "<group>"; };
		AB4546A90F8667E4008801FB /* TRange.h */ = {isa = PBXFileReference; fileEncoding = 4; lastKnownFileType = sourcecode.c.h; path = TRange.h; sourceTree = "<group>"; };
		AB4546AA0F8667E4008801FB /* TRectangle.cpp */ = {isa = PBXFileReference; fileEncoding = 4; lastKnownFileType = sourcecode.cpp.cpp; path = TRectangle.cpp; sourceTree = "<group>"; };
		AB4546AB0F8667E4008801FB /* TRectangle.h */ = {isa = PBXFileReference; fileEncoding = 4; lastKnownFileType = sourcecode.c.h; path = TRectangle.h; sourceTree = "<group>"; };
		AB4546AC0F8667E4008801FB /* TSize.cpp */ = {isa = PBXFileReference; fileEncoding = 4; lastKnownFileType = sourcecode.cpp.cpp; path = TSize.cpp; sourceTree = "<group>"; };
		AB4546AD0F8667E4008801FB /* TSize.h */ = {isa = PBXFileReference; fileEncoding = 4; lastKnownFileType = sourcecode.c.h; path = TSize.h; sourceTree = "<group>"; };
		AB4546AE0F8667E4008801FB /* TString.cpp */ = {isa = PBXFileReference; fileEncoding = 4; lastKnownFileType = sourcecode.cpp.cpp; path = TString.cpp; sourceTree = "<group>"; };
		AB4546AF0F8667E4008801FB /* TString.h */ = {isa = PBXFileReference; fileEncoding = 4; lastKnownFileType = sourcecode.c.h; path = TString.h; sourceTree = "<group>"; };
		AB4546B00F8667E4008801FB /* TVariant.cpp */ = {isa = PBXFileReference; fileEncoding = 4; lastKnownFileType = sourcecode.cpp.cpp; path = TVariant.cpp; sourceTree = "<group>"; };
		AB4546B10F8667E4008801FB /* TVariant.h */ = {isa = PBXFileReference; fileEncoding = 4; lastKnownFileType = sourcecode.c.h; path = TVariant.h; sourceTree = "<group>"; };
		AB4546B30F8667E4008801FB /* TTargetDebug.cpp */ = {isa = PBXFileReference; fileEncoding = 4; lastKnownFileType = sourcecode.cpp.cpp; path = TTargetDebug.cpp; sourceTree = "<group>"; };
		AB4546B40F8667E4008801FB /* TTargetDebug.h */ = {isa = PBXFileReference; fileEncoding = 4; lastKnownFileType = sourcecode.c.h; path = TTargetDebug.h; sourceTree = "<group>"; };
		AB4546B50F8667E4008801FB /* TTargetFile.cpp */ = {isa = PBXFileReference; fileEncoding = 4; lastKnownFileType = sourcecode.cpp.cpp; path = TTargetFile.cpp; sourceTree = "<group>"; };
		AB4546B60F8667E4008801FB /* TTargetFile.h */ = {isa = PBXFileReference; fileEncoding = 4; lastKnownFileType = sourcecode.c.h; path = TTargetFile.h; sourceTree = "<group>"; };
		AB4546B70F8667E4008801FB /* TTargetLock.cpp */ = {isa = PBXFileReference; fileEncoding = 4; lastKnownFileType = sourcecode.cpp.cpp; path = TTargetLock.cpp; sourceTree = "<group>"; };
		AB4546B80F8667E4008801FB /* TTargetLock.h */ = {isa = PBXFileReference; fileEncoding = 4; lastKnownFileType = sourcecode.c.h; path = TTargetLock.h; sourceTree = "<group>"; };
		AB4546B90F8667E4008801FB /* TTargetMath.cpp */ = {isa = PBXFileReference; fileEncoding = 4; lastKnownFileType = sourcecode.cpp.cpp; path = TTargetMath.cpp; sourceTree = "<group>"; };
		AB4546BA0F8667E4008801FB /* TTargetMath.h */ = {isa = PBXFileReference; fileEncoding = 4; lastKnownFileType = sourcecode.c.h; path = TTargetMath.h; sourceTree = "<group>"; };
		AB4546BB0F8667E4008801FB /* TTargetSystem.cpp */ = {isa = PBXFileReference; fileEncoding = 4; lastKnownFileType = sourcecode.cpp.cpp; path = TTargetSystem.cpp; sourceTree = "<group>"; };
		AB4546BC0F8667E4008801FB /* TTargetSystem.h */ = {isa = PBXFileReference; fileEncoding = 4; lastKnownFileType = sourcecode.c.h; path = TTargetSystem.h; sourceTree = "<group>"; };
		AB4546BD0F8667E4008801FB /* TTargetThread.cpp */ = {isa = PBXFileReference; fileEncoding = 4; lastKnownFileType = sourcecode.cpp.cpp; path = TTargetThread.cpp; sourceTree = "<group>"; };
		AB4546BE0F8667E4008801FB /* TTargetThread.h */ = {isa = PBXFileReference; fileEncoding = 4; lastKnownFileType = sourcecode.c.h; path = TTargetThread.h; sourceTree = "<group>"; };
		AB4546BF0F8667E4008801FB /* TTargetTime.cpp */ = {isa = PBXFileReference; fileEncoding = 4; lastKnownFileType = sourcecode.cpp.cpp; path = TTargetTime.cpp; sourceTree = "<group>"; };
		AB4546C00F8667E4008801FB /* TTargetTime.h */ = {isa = PBXFileReference; fileEncoding = 4; lastKnownFileType = sourcecode.c.h; path = TTargetTime.h; sourceTree = "<group>"; };
		AB4546C20F8667E4008801FB /* TAtomicInt.cpp */ = {isa = PBXFileReference; fileEncoding = 4; lastKnownFileType = sourcecode.cpp.cpp; path = TAtomicInt.cpp; sourceTree = "<group>"; };
		AB4546C30F8667E4008801FB /* TAtomicInt.h */ = {isa = PBXFileReference; fileEncoding = 4; lastKnownFileType = sourcecode.c.h; path = TAtomicInt.h; sourceTree = "<group>"; };
		AB4546C40F8667E4008801FB /* TLock.cpp */ = {isa = PBXFileReference; fileEncoding = 4; lastKnownFileType = sourcecode.cpp.cpp; path = TLock.cpp; sourceTree = "<group>"; };
		AB4546C50F8667E4008801FB /* TLock.h */ = {isa = PBXFileReference; fileEncoding = 4; lastKnownFileType = sourcecode.c.h; path = TLock.h; sourceTree = "<group>"; };
		AB4546C70F8667E4008801FB /* TCommandLine.cpp */ = {isa = PBXFileReference; fileEncoding = 4; lastKnownFileType = sourcecode.cpp.cpp; path = TCommandLine.cpp; sourceTree = "<group>"; };
		AB4546C80F8667E4008801FB /* TCommandLine.h */ = {isa = PBXFileReference; fileEncoding = 4; lastKnownFileType = sourcecode.c.h; path = TCommandLine.h; sourceTree = "<group>"; };
		AB4546CA0F8667E4008801FB /* TFileUtilities.cpp */ = {isa = PBXFileReference; fileEncoding = 4; lastKnownFileType = sourcecode.cpp.cpp; path = TFileUtilities.cpp; sourceTree = "<group>"; };
		AB4546CB0F8667E4008801FB /* TFileUtilities.h */ = {isa = PBXFileReference; fileEncoding = 4; lastKnownFileType = sourcecode.c.h; path = TFileUtilities.h; sourceTree = "<group>"; };
		AB4546CC0F8667E4008801FB /* TMathUtilities.cpp */ = {isa = PBXFileReference; fileEncoding = 4; lastKnownFileType = sourcecode.cpp.cpp; path = TMathUtilities.cpp; sourceTree = "<group>"; };
		AB4546CD0F8667E4008801FB /* TMathUtilities.h */ = {isa = PBXFileReference; fileEncoding = 4; lastKnownFileType = sourcecode.c.h; path = TMathUtilities.h; sourceTree = "<group>"; };
		AB4546CE0F8667E4008801FB /* TSTLUtilities.cpp */ = {isa = PBXFileReference; fileEncoding = 4; lastKnownFileType = sourcecode.cpp.cpp; path = TSTLUtilities.cpp; sourceTree = "<group>"; };
		AB4546CF0F8667E4008801FB /* TSTLUtilities.h */ = {isa = PBXFileReference; fileEncoding = 4; lastKnownFileType = sourcecode.c.h; path = TSTLUtilities.h; sourceTree = "<group>"; };
		AB4546D00F8667E4008801FB /* TSystemUtilities.cpp */ = {isa = PBXFileReference; fileEncoding = 4; lastKnownFileType = sourcecode.cpp.cpp; path = TSystemUtilities.cpp; sourceTree = "<group>"; };
		AB4546D10F8667E4008801FB /* TSystemUtilities.h */ = {isa = PBXFileReference; fileEncoding = 4; lastKnownFileType = sourcecode.c.h; path = TSystemUtilities.h; sourceTree = "<group>"; };
		AB4546D20F8667E4008801FB /* TThreadUtilities.cpp */ = {isa = PBXFileReference; fileEncoding = 4; lastKnownFileType = sourcecode.cpp.cpp; path = TThreadUtilities.cpp; sourceTree = "<group>"; };
		AB4546D30F8667E4008801FB /* TThreadUtilities.h */ = {isa = PBXFileReference; fileEncoding = 4; lastKnownFileType = sourcecode.c.h; path = TThreadUtilities.h; sourceTree = "<group>"; };
		AB4546D40F8667E4008801FB /* TTimeUtilities.cpp */ = {isa = PBXFileReference; fileEncoding = 4; lastKnownFileType = sourcecode.cpp.cpp; path = TTimeUtilities.cpp; sourceTree = "<group>"; };
		AB4546D50F8667E4008801FB /* TTimeUtilities.h */ = {isa = PBXFileReference; fileEncoding = 4; lastKnownFileType = sourcecode.c.h; path = TTimeUtilities.h; sourceTree = "<group>"; };
		AB5B29AA09CAD85D008C593C /* TargetDebug.xcconfig */ = {isa = PBXFileReference; fileEncoding = 30; lastKnownFileType = text.xcconfig; path = TargetDebug.xcconfig; sourceTree = "<group>"; };
		AB5B29AB09CAD85D008C593C /* TargetRelease.xcconfig */ = {isa = PBXFileReference; fileEncoding = 30; lastKnownFileType = text.xcconfig; path = TargetRelease.xcconfig; sourceTree = "<group>"; };
		AB5B29DF09CAD8E4008C593C /* Nano.xcodeproj */ = {isa = PBXFileReference; lastKnownFileType = "wrapper.pb-project"; name = Nano.xcodeproj; path = ../../../Library/Project/Nano.xcodeproj; sourceTree = SOURCE_ROOT; };
		AB6E7E3609F9052300F73093 /* Cocoa.framework */ = {isa = PBXFileReference; lastKnownFileType = wrapper.framework; name = Cocoa.framework; path = /System/Library/Frameworks/Cocoa.framework; sourceTree = "<absolute>"; };
		AB7447CF0F87577500FE0825 /* TFormatter.h */ = {isa = PBXFileReference; fileEncoding = 4; lastKnownFileType = sourcecode.c.h; path = TFormatter.h; sourceTree = "<group>"; };
		AB7447D00F87577500FE0825 /* TFormatter.cpp */ = {isa = PBXFileReference; fileEncoding = 4; lastKnownFileType = sourcecode.cpp.cpp; path = TFormatter.cpp; sourceTree = "<group>"; };
		AB9E78990F27D8C50043A657 /* NanoTest Prefix.pch */ = {isa = PBXFileReference; fileEncoding = 4; lastKnownFileType = sourcecode.c.h; path = "NanoTest Prefix.pch"; sourceTree = "<group>"; };
		AB9E789A0F27D8D80043A657 /* NanoTest.cpp */ = {isa = PBXFileReference; fileEncoding = 4; lastKnownFileType = sourcecode.cpp.cpp; path = NanoTest.cpp; sourceTree = "<group>"; };
		ABE072E909FBC9F20031D3D1 /* TargetCommon.xcconfig */ = {isa = PBXFileReference; fileEncoding = 30; lastKnownFileType = text.xcconfig; path = TargetCommon.xcconfig; sourceTree = "<group>"; };
/* End PBXFileReference section */

/* Begin PBXFrameworksBuildPhase section */
		8D0C4E910486CD37000505A6 /* Frameworks */ = {
			isa = PBXFrameworksBuildPhase;
			buildActionMask = 2147483647;
			files = (
				ABE0709409FBBC820031D3D1 /* libNano.a in Frameworks */,
				8D0C4E920486CD37000505A6 /* Carbon.framework in Frameworks */,
				AB6E7E3709F9052300F73093 /* Cocoa.framework in Frameworks */,
			);
			runOnlyForDeploymentPostprocessing = 0;
		};
/* End PBXFrameworksBuildPhase section */

/* Begin PBXGroup section */
		195DF8CFFE9D517E11CA2CBB /* Products */ = {
			isa = PBXGroup;
			children = (
				8D0C4E970486CD37000505A6 /* NanoTest.app */,
			);
			name = Products;
			sourceTree = "<group>";
		};
		20286C29FDCF999611CA2CEA /* NanoDemo */ = {
			isa = PBXGroup;
			children = (
				AB5B29A909CAD85D008C593C /* Configuration */,
				AB5B29B509CAD866008C593C /* Prefix */,
				AB5B29C009CAD87B008C593C /* Source */,
				AB5B29B809CAD871008C593C /* Resources */,
				20286C32FDCF999611CA2CEA /* Frameworks */,
				AB5B29DB09CAD8B7008C593C /* Dependencies */,
				195DF8CFFE9D517E11CA2CBB /* Products */,
			);
			name = NanoDemo;
			sourceTree = "<group>";
		};
		20286C32FDCF999611CA2CEA /* Frameworks */ = {
			isa = PBXGroup;
			children = (
				20286C33FDCF999611CA2CEA /* Carbon.framework */,
				AB6E7E3609F9052300F73093 /* Cocoa.framework */,
			);
			name = Frameworks;
			sourceTree = "<group>";
		};
		AB45468B0F8667E4008801FB /* Events */ = {
			isa = PBXGroup;
			children = (
				AB45468C0F8667E4008801FB /* TBroadcaster.cpp */,
				AB45468D0F8667E4008801FB /* TBroadcaster.h */,
				AB45468E0F8667E4008801FB /* TListener.cpp */,
				AB45468F0F8667E4008801FB /* TListener.h */,
			);
			path = Events;
			sourceTree = "<group>";
		};
		AB4546900F8667E4008801FB /* System */ = {
			isa = PBXGroup;
			children = (
				AB4546910F8667E4008801FB /* TByteSwap.cpp */,
				AB4546920F8667E4008801FB /* TByteSwap.h */,
				AB4546930F8667E4008801FB /* TCipher.cpp */,
				AB4546940F8667E4008801FB /* TCipher.h */,
			);
			path = System;
			sourceTree = "<group>";
		};
		AB4546950F8667E4008801FB /* Types */ = {
			isa = PBXGroup;
			children = (
				AB4546960F8667E4008801FB /* TArray.cpp */,
				AB4546970F8667E4008801FB /* TArray.h */,
				AB4546980F8667E4008801FB /* TBitVector.cpp */,
				AB4546990F8667E4008801FB /* TBitVector.h */,
				AB45469A0F8667E4008801FB /* TColor.cpp */,
				AB45469B0F8667E4008801FB /* TColor.h */,
				AB45469C0F8667E4008801FB /* TData.cpp */,
				AB45469D0F8667E4008801FB /* TData.h */,
				AB45469E0F8667E4008801FB /* TDate.cpp */,
				AB45469F0F8667E4008801FB /* TDate.h */,
				AB4546A00F8667E4008801FB /* TDictionary.cpp */,
				AB4546A10F8667E4008801FB /* TDictionary.h */,
				AB4546A20F8667E4008801FB /* TFile.cpp */,
				AB4546A30F8667E4008801FB /* TFile.h */,
				AB7447D00F87577500FE0825 /* TFormatter.cpp */,
				AB7447CF0F87577500FE0825 /* TFormatter.h */,
				AB4546A40F8667E4008801FB /* TNumber.cpp */,
				AB4546A50F8667E4008801FB /* TNumber.h */,
				AB4546A60F8667E4008801FB /* TPoint.cpp */,
				AB4546A70F8667E4008801FB /* TPoint.h */,
				AB4546A80F8667E4008801FB /* TRange.cpp */,
				AB4546A90F8667E4008801FB /* TRange.h */,
				AB4546AA0F8667E4008801FB /* TRectangle.cpp */,
				AB4546AB0F8667E4008801FB /* TRectangle.h */,
				AB4546AC0F8667E4008801FB /* TSize.cpp */,
				AB4546AD0F8667E4008801FB /* TSize.h */,
				AB4546AE0F8667E4008801FB /* TString.cpp */,
				AB4546AF0F8667E4008801FB /* TString.h */,
				AB4546B00F8667E4008801FB /* TVariant.cpp */,
				AB4546B10F8667E4008801FB /* TVariant.h */,
			);
			path = Types;
			sourceTree = "<group>";
		};
		AB4546B20F8667E4008801FB /* Targets */ = {
			isa = PBXGroup;
			children = (
				AB4546B30F8667E4008801FB /* TTargetDebug.cpp */,
				AB4546B40F8667E4008801FB /* TTargetDebug.h */,
				AB4546B50F8667E4008801FB /* TTargetFile.cpp */,
				AB4546B60F8667E4008801FB /* TTargetFile.h */,
				AB4546B70F8667E4008801FB /* TTargetLock.cpp */,
				AB4546B80F8667E4008801FB /* TTargetLock.h */,
				AB4546B90F8667E4008801FB /* TTargetMath.cpp */,
				AB4546BA0F8667E4008801FB /* TTargetMath.h */,
				AB4546BB0F8667E4008801FB /* TTargetSystem.cpp */,
				AB4546BC0F8667E4008801FB /* TTargetSystem.h */,
				AB4546BD0F8667E4008801FB /* TTargetThread.cpp */,
				AB4546BE0F8667E4008801FB /* TTargetThread.h */,
				AB4546BF0F8667E4008801FB /* TTargetTime.cpp */,
				AB4546C00F8667E4008801FB /* TTargetTime.h */,
			);
			path = Targets;
			sourceTree = "<group>";
		};
		AB4546C10F8667E4008801FB /* Threads */ = {
			isa = PBXGroup;
			children = (
				AB4546C20F8667E4008801FB /* TAtomicInt.cpp */,
				AB4546C30F8667E4008801FB /* TAtomicInt.h */,
				AB4546C40F8667E4008801FB /* TLock.cpp */,
				AB4546C50F8667E4008801FB /* TLock.h */,
			);
			path = Threads;
			sourceTree = "<group>";
		};
		AB4546C60F8667E4008801FB /* Application */ = {
			isa = PBXGroup;
			children = (
				AB4546C70F8667E4008801FB /* TCommandLine.cpp */,
				AB4546C80F8667E4008801FB /* TCommandLine.h */,
			);
			path = Application;
			sourceTree = "<group>";
		};
		AB4546C90F8667E4008801FB /* Utilities */ = {
			isa = PBXGroup;
			children = (
				AB4546CA0F8667E4008801FB /* TFileUtilities.cpp */,
				AB4546CB0F8667E4008801FB /* TFileUtilities.h */,
				AB4546CC0F8667E4008801FB /* TMathUtilities.cpp */,
				AB4546CD0F8667E4008801FB /* TMathUtilities.h */,
				AB4546CE0F8667E4008801FB /* TSTLUtilities.cpp */,
				AB4546CF0F8667E4008801FB /* TSTLUtilities.h */,
				AB4546D00F8667E4008801FB /* TSystemUtilities.cpp */,
				AB4546D10F8667E4008801FB /* TSystemUtilities.h */,
				AB4546D20F8667E4008801FB /* TThreadUtilities.cpp */,
				AB4546D30F8667E4008801FB /* TThreadUtilities.h */,
				AB4546D40F8667E4008801FB /* TTimeUtilities.cpp */,
				AB4546D50F8667E4008801FB /* TTimeUtilities.h */,
			);
			path = Utilities;
			sourceTree = "<group>";
		};
		AB5B29A909CAD85D008C593C /* Configuration */ = {
			isa = PBXGroup;
			children = (
				ABE072E909FBC9F20031D3D1 /* TargetCommon.xcconfig */,
				AB5B29AA09CAD85D008C593C /* TargetDebug.xcconfig */,
				AB5B29AB09CAD85D008C593C /* TargetRelease.xcconfig */,
			);
			name = Configuration;
			path = ../../../Support/Xcode/Configuration;
			sourceTree = SOURCE_ROOT;
		};
		AB5B29B509CAD866008C593C /* Prefix */ = {
			isa = PBXGroup;
			children = (
				AB9E78990F27D8C50043A657 /* NanoTest Prefix.pch */,
			);
			name = Prefix;
			path = ../Prefix;
			sourceTree = SOURCE_ROOT;
		};
		AB5B29B809CAD871008C593C /* Resources */ = {
			isa = PBXGroup;
			children = (
			);
			name = Resources;
			path = ../Resources;
			sourceTree = SOURCE_ROOT;
		};
		AB5B29C009CAD87B008C593C /* Source */ = {
			isa = PBXGroup;
			children = (
				AB9E789A0F27D8D80043A657 /* NanoTest.cpp */,
				AB4546C60F8667E4008801FB /* Application */,
				AB45468B0F8667E4008801FB /* Events */,
				AB4546900F8667E4008801FB /* System */,
				AB4546B20F8667E4008801FB /* Targets */,
				AB4546C10F8667E4008801FB /* Threads */,
				AB4546950F8667E4008801FB /* Types */,
				AB4546C90F8667E4008801FB /* Utilities */,
			);
			name = Source;
			path = ../Source;
			sourceTree = SOURCE_ROOT;
		};
		AB5B29DB09CAD8B7008C593C /* Dependencies */ = {
			isa = PBXGroup;
			children = (
				AB5B29DF09CAD8E4008C593C /* Nano.xcodeproj */,
			);
			name = Dependencies;
			sourceTree = "<group>";
		};
		ABE0708B09FBBC7A0031D3D1 /* Products */ = {
			isa = PBXGroup;
			children = (
				ABE0709009FBBC7A0031D3D1 /* libNano.a */,
			);
			name = Products;
			sourceTree = "<group>";
		};
/* End PBXGroup section */

/* Begin PBXNativeTarget section */
		8D0C4E890486CD37000505A6 /* NanoTest */ = {
			isa = PBXNativeTarget;
			buildConfigurationList = C0E91AC508A95435008D54AB /* Build configuration list for PBXNativeTarget "NanoTest" */;
			buildPhases = (
				8D0C4E8C0486CD37000505A6 /* Resources */,
				8D0C4E8F0486CD37000505A6 /* Sources */,
				8D0C4E910486CD37000505A6 /* Frameworks */,
			);
			buildRules = (
			);
			dependencies = (
				ABE0709609FBBC890031D3D1 /* PBXTargetDependency */,
			);
			name = NanoTest;
			productInstallPath = "$(HOME)/Applications";
			productName = NanoDemo;
			productReference = 8D0C4E970486CD37000505A6 /* NanoTest.app */;
			productType = "com.apple.product-type.application";
		};
/* End PBXNativeTarget section */

/* Begin PBXProject section */
		20286C28FDCF999611CA2CEA /* Project object */ = {
			isa = PBXProject;
			buildConfigurationList = C0E91AC908A95435008D54AB /* Build configuration list for PBXProject "NanoTest" */;
			compatibilityVersion = "Xcode 2.4";
			hasScannedForEncodings = 1;
			mainGroup = 20286C29FDCF999611CA2CEA /* NanoDemo */;
			projectDirPath = "";
			projectReferences = (
				{
					ProductGroup = ABE0708B09FBBC7A0031D3D1 /* Products */;
					ProjectRef = AB5B29DF09CAD8E4008C593C /* Nano.xcodeproj */;
				},
			);
			projectRoot = ..;
			targets = (
				8D0C4E890486CD37000505A6 /* NanoTest */,
			);
		};
/* End PBXProject section */

/* Begin PBXReferenceProxy section */
		ABE0709009FBBC7A0031D3D1 /* libNano.a */ = {
			isa = PBXReferenceProxy;
			fileType = archive.ar;
			path = libNano.a;
			remoteRef = ABE0708F09FBBC7A0031D3D1 /* PBXContainerItemProxy */;
			sourceTree = BUILT_PRODUCTS_DIR;
		};
/* End PBXReferenceProxy section */

/* Begin PBXResourcesBuildPhase section */
		8D0C4E8C0486CD37000505A6 /* Resources */ = {
			isa = PBXResourcesBuildPhase;
			buildActionMask = 2147483647;
			files = (
			);
			runOnlyForDeploymentPostprocessing = 0;
		};
/* End PBXResourcesBuildPhase section */

/* Begin PBXSourcesBuildPhase section */
		8D0C4E8F0486CD37000505A6 /* Sources */ = {
			isa = PBXSourcesBuildPhase;
			buildActionMask = 2147483647;
			files = (
				AB9E78C20F27D8D80043A657 /* NanoTest.cpp in Sources */,
				AB4546F10F8667E4008801FB /* TCommandLine.cpp in Sources */,
				AB4546D60F8667E4008801FB /* TBroadcaster.cpp in Sources */,
				AB4546D70F8667E4008801FB /* TListener.cpp in Sources */,
				AB4546D80F8667E4008801FB /* TByteSwap.cpp in Sources */,
				AB4546D90F8667E4008801FB /* TCipher.cpp in Sources */,
				AB4546E80F8667E4008801FB /* TTargetDebug.cpp in Sources */,
				AB4546E90F8667E4008801FB /* TTargetFile.cpp in Sources */,
				AB4546EA0F8667E4008801FB /* TTargetLock.cpp in Sources */,
				AB4546EB0F8667E4008801FB /* TTargetMath.cpp in Sources */,
				AB4546EC0F8667E4008801FB /* TTargetSystem.cpp in Sources */,
				AB4546ED0F8667E4008801FB /* TTargetThread.cpp in Sources */,
				AB4546EE0F8667E4008801FB /* TTargetTime.cpp in Sources */,
				AB4546EF0F8667E4008801FB /* TAtomicInt.cpp in Sources */,
				AB4546F00F8667E4008801FB /* TLock.cpp in Sources */,
				AB4546DA0F8667E4008801FB /* TArray.cpp in Sources */,
				AB4546DB0F8667E4008801FB /* TBitVector.cpp in Sources */,
				AB4546DC0F8667E4008801FB /* TColor.cpp in Sources */,
				AB4546DD0F8667E4008801FB /* TData.cpp in Sources */,
				AB4546DE0F8667E4008801FB /* TDate.cpp in Sources */,
				AB4546DF0F8667E4008801FB /* TDictionary.cpp in Sources */,
				AB4546E00F8667E4008801FB /* TFile.cpp in Sources */,
				AB4546E10F8667E4008801FB /* TNumber.cpp in Sources */,
				AB4546E20F8667E4008801FB /* TPoint.cpp in Sources */,
				AB4546E30F8667E4008801FB /* TRange.cpp in Sources */,
				AB4546E40F8667E4008801FB /* TRectangle.cpp in Sources */,
				AB4546E50F8667E4008801FB /* TSize.cpp in Sources */,
				AB4546E60F8667E4008801FB /* TString.cpp in Sources */,
				AB4546E70F8667E4008801FB /* TVariant.cpp in Sources */,
				AB4546F20F8667E4008801FB /* TFileUtilities.cpp in Sources */,
				AB4546F30F8667E4008801FB /* TMathUtilities.cpp in Sources */,
				AB4546F40F8667E4008801FB /* TSTLUtilities.cpp in Sources */,
				AB4546F50F8667E4008801FB /* TSystemUtilities.cpp in Sources */,
				AB4546F60F8667E4008801FB /* TThreadUtilities.cpp in Sources */,
				AB4546F70F8667E4008801FB /* TTimeUtilities.cpp in Sources */,
				AB7447D10F87577500FE0825 /* TFormatter.cpp in Sources */,
			);
			runOnlyForDeploymentPostprocessing = 0;
		};
/* End PBXSourcesBuildPhase section */

/* Begin PBXTargetDependency section */
		ABE0709609FBBC890031D3D1 /* PBXTargetDependency */ = {
			isa = PBXTargetDependency;
			name = Nano;
			targetProxy = ABE0709509FBBC890031D3D1 /* PBXContainerItemProxy */;
		};
/* End PBXTargetDependency section */

/* Begin XCBuildConfiguration section */
		C0E91AC608A95435008D54AB /* Debug */ = {
			isa = XCBuildConfiguration;
			baseConfigurationReference = AB5B29AA09CAD85D008C593C /* TargetDebug.xcconfig */;
			buildSettings = {
				GCC_PREFIX_HEADER = "../Prefix/NanoTest Prefix.pch";
				OTHER_CFLAGS = "-DNN_SEEN_RELEASE_NOTES_FOR=0xFFFFFFFF";
				PRODUCT_NAME = NanoTest;
			};
			name = Debug;
		};
		C0E91AC708A95435008D54AB /* Release */ = {
			isa = XCBuildConfiguration;
			baseConfigurationReference = AB5B29AB09CAD85D008C593C /* TargetRelease.xcconfig */;
			buildSettings = {
				GCC_PREFIX_HEADER = "../Prefix/NanoTest Prefix.pch";
				OTHER_CFLAGS = "-DNN_SEEN_RELEASE_NOTES_FOR=0xFFFFFFFF";
				PRODUCT_NAME = NanoTest;
			};
			name = Release;
		};
		C0E91ACA08A95435008D54AB /* Debug */ = {
			isa = XCBuildConfiguration;
			buildSettings = {
			};
			name = Debug;
		};
		C0E91ACB08A95435008D54AB /* Release */ = {
			isa = XCBuildConfiguration;
			buildSettings = {
			};
			name = Release;
		};
/* End XCBuildConfiguration section */

/* Begin XCConfigurationList section */
		C0E91AC508A95435008D54AB /* Build configuration list for PBXNativeTarget "NanoTest" */ = {
			isa = XCConfigurationList;
			buildConfigurations = (
				C0E91AC608A95435008D54AB /* Debug */,
				C0E91AC708A95435008D54AB /* Release */,
			);
			defaultConfigurationIsVisible = 0;
			defaultConfigurationName = Debug;
		};
		C0E91AC908A95435008D54AB /* Build configuration list for PBXProject "NanoTest" */ = {
			isa = XCConfigurationList;
			buildConfigurations = (
				C0E91ACA08A95435008D54AB /* Debug */,
				C0E91ACB08A95435008D54AB /* Release */,
			);
			defaultConfigurationIsVisible = 0;
			defaultConfigurationName = Debug;
		};
/* End XCConfigurationList section */
	};
	rootObject = 20286C28FDCF999611CA2CEA /* Project object */;
}
